{
  "name": "firebot-custom-scripts-types",
  "version": "5.52.0",
  "lockfileVersion": 1,
  "requires": true,
  "dependencies": {
    "@d-fischer/cache-decorators": {
      "version": "3.0.0",
      "resolved": "https://registry.npmjs.org/@d-fischer/cache-decorators/-/cache-decorators-3.0.0.tgz",
      "integrity": "sha512-mYUCjrp5hJgimceC5bof3zzmElyxzW4ty+73IjY12wvxLAqsq0CbgLGspnJm6KgwEfGoeRnISZD4EXJidG3FvA==",
      "requires": {
        "@d-fischer/shared-utils": "^3.0.1",
        "@types/node": "^14.14.22",
        "tslib": "^2.1.0"
      },
      "dependencies": {
        "@types/node": {
          "version": "14.18.18",
          "resolved": "https://registry.npmjs.org/@types/node/-/node-14.18.18.tgz",
          "integrity": "sha512-B9EoJFjhqcQ9OmQrNorItO+OwEOORNn3S31WuiHvZY/dm9ajkB7AKD/8toessEtHHNL+58jofbq7hMMY9v4yig=="
        }
      }
    },
    "@d-fischer/cross-fetch": {
      "version": "4.1.0",
      "resolved": "https://registry.npmjs.org/@d-fischer/cross-fetch/-/cross-fetch-4.1.0.tgz",
      "integrity": "sha512-HH87JacceXOANr5XuBuSIQmPRPOvOUPwU1JR0DLUT6A8jGcP0jq2YUAiFCyZ8VGwDbTjsD3CZFpWIp5o7mIFWQ==",
      "requires": {
        "node-fetch": "2.6.7"
      }
    },
    "@d-fischer/logger": {
      "version": "4.2.0",
      "resolved": "https://registry.npmjs.org/@d-fischer/logger/-/logger-4.2.0.tgz",
      "integrity": "sha512-Hgm/GfeZfv2UPcRY4uF4S7OtCCv6Xxx++q7FAXc1qMrInaowKrmpo6YdFwRfZ8z53gzXFhc6H8j1Ttm0046uTw==",
      "requires": {
        "@d-fischer/shared-utils": "^3.2.0",
        "detect-node": "^2.0.4",
        "tslib": "^2.0.3"
      }
    },
    "@d-fischer/promise.allsettled": {
      "version": "2.0.2",
      "resolved": "https://registry.npmjs.org/@d-fischer/promise.allsettled/-/promise.allsettled-2.0.2.tgz",
      "integrity": "sha512-xY0vYDwJYFe22MS5ccQ50N4Mcc2nQ8J4eWE5Y354IxZwW32O5uTT6mmhFSuVF6ZrKvzHOCIrK+9WqOR6TI3tcA==",
      "requires": {
        "array.prototype.map": "^1.0.3",
        "call-bind": "^1.0.2",
        "define-properties": "^1.1.3",
        "es-abstract": "^1.18.0-next.2",
        "get-intrinsic": "^1.0.2",
        "iterate-value": "^1.0.2"
      }
    },
    "@d-fischer/qs": {
      "version": "7.0.2",
      "resolved": "https://registry.npmjs.org/@d-fischer/qs/-/qs-7.0.2.tgz",
      "integrity": "sha512-yAu3xDooiL+ef84Jo8nLjDjWBRk7RXk163Y6aTvRB7FauYd3spQD/dWvgT7R4CrN54Juhrrc3dMY7mc+jZGurQ=="
    },
    "@d-fischer/rate-limiter": {
      "version": "0.5.0",
      "resolved": "https://registry.npmjs.org/@d-fischer/rate-limiter/-/rate-limiter-0.5.0.tgz",
      "integrity": "sha512-bYxZ//vhtRSHx/K7vpcLxglCA80FGRAuRbNI//HsJmJcJ6abCO7ed/JlSJT9t4exRUPanM8igvEFEkffA4P4ug==",
      "requires": {
        "@d-fischer/logger": "^4.0.0",
        "@d-fischer/promise.allsettled": "^2.0.2",
        "@d-fischer/shared-utils": "^3.2.0",
        "@types/node": "^12.12.5",
        "tslib": "^2.0.3"
      },
      "dependencies": {
        "@types/node": {
          "version": "12.20.52",
          "resolved": "https://registry.npmjs.org/@types/node/-/node-12.20.52.tgz",
          "integrity": "sha512-cfkwWw72849SNYp3Zx0IcIs25vABmFh73xicxhCkTcvtZQeIez15PpwQN8fY3RD7gv1Wrxlc9MEtfMORZDEsGw=="
        }
      }
    },
    "@d-fischer/shared-utils": {
      "version": "3.2.0",
      "resolved": "https://registry.npmjs.org/@d-fischer/shared-utils/-/shared-utils-3.2.0.tgz",
      "integrity": "sha512-YgAPpd0jxtchZlEqvVmL21A+/Ottx5759s6THiJs0o5+8pPIrshBlULhmfunbaidHmViuUhjxzZfqRkYl0MR9g==",
      "requires": {
        "@types/node": "^14.11.2",
        "tslib": "^2.0.3"
      },
      "dependencies": {
        "@types/node": {
          "version": "14.18.18",
          "resolved": "https://registry.npmjs.org/@types/node/-/node-14.18.18.tgz",
          "integrity": "sha512-B9EoJFjhqcQ9OmQrNorItO+OwEOORNn3S31WuiHvZY/dm9ajkB7AKD/8toessEtHHNL+58jofbq7hMMY9v4yig=="
        }
      }
    },
    "@twurple/api": {
      "version": "5.1.6",
      "resolved": "https://registry.npmjs.org/@twurple/api/-/api-5.1.6.tgz",
      "integrity": "sha512-je97EQQYKAFUL+wJbsqAvRUIcay6+6p9oeA/Fem6xMXMTdOcL80OfYgRhy/oKbh+JqQYwZRF2+a/dr8zVlt5Xg==",
      "requires": {
        "@d-fischer/cache-decorators": "^3.0.0",
        "@d-fischer/logger": "^4.0.0",
        "@d-fischer/rate-limiter": "^0.5.0",
        "@d-fischer/shared-utils": "^3.2.0",
        "@twurple/api-call": "^5.1.6",
        "@twurple/common": "^5.1.6",
        "tslib": "^2.0.3"
      }
    },
    "@twurple/api-call": {
      "version": "5.1.6",
      "resolved": "https://registry.npmjs.org/@twurple/api-call/-/api-call-5.1.6.tgz",
      "integrity": "sha512-8bUKcXBsvPMhifrhXQt9g/kf1XFXsvrTV+d6UryFB1RL8L/vDyI3FbCX4hZSJaXGK14zVL+obAngqcXn3ex4cw==",
      "requires": {
        "@d-fischer/cross-fetch": "^4.0.2",
        "@d-fischer/qs": "^7.0.2",
        "@twurple/common": "^5.1.6",
        "@types/node-fetch": "^2.5.7",
        "tslib": "^2.0.3"
      }
    },
    "@twurple/auth": {
      "version": "5.1.6",
      "resolved": "https://registry.npmjs.org/@twurple/auth/-/auth-5.1.6.tgz",
      "integrity": "sha512-XnhNaJWEifr2aL1vvshhXj7v3yck38IJSVu7lzZ8csUFAzi7xphLit3LHlFGrrVYPkGQeNUx6crj0cDEUv7mtg==",
      "requires": {
        "@d-fischer/logger": "^4.0.0",
        "@d-fischer/shared-utils": "^3.2.0",
        "@twurple/api-call": "^5.1.6",
        "@twurple/common": "^5.1.6",
        "tslib": "^2.0.3"
      }
    },
    "@twurple/common": {
      "version": "5.1.6",
      "resolved": "https://registry.npmjs.org/@twurple/common/-/common-5.1.6.tgz",
      "integrity": "sha512-mFDcCDbqx8MWmxGQmn0kSV7nEqTDjF7CLimRm34MMPl5gskp+isbKVdkXBy68VftQvtz92U/HRF25eTdOpDyEw==",
      "requires": {
        "@d-fischer/shared-utils": "^3.2.0",
        "klona": "^2.0.4",
        "tslib": "^2.0.3"
      }
    },
    "@types/angular": {
      "version": "1.8.1",
      "resolved": "https://registry.npmjs.org/@types/angular/-/angular-1.8.1.tgz",
      "integrity": "sha512-8zEjTC3gpkva6/dbUkiSxIUGUxYm9HD/pJJ0lbqfEM2TWqi/3vs4VtgoFxVXt5bmuJ+6G2caO2HaMD+NzB1VwA=="
    },
    "@types/node": {
      "version": "16.11.2",
      "resolved": "https://registry.npmjs.org/@types/node/-/node-16.11.2.tgz",
      "integrity": "sha512-w34LtBB0OkDTs19FQHXy4Ig/TOXI4zqvXS2Kk1PAsRKZ0I+nik7LlMYxckW0tSNGtvWmzB+mrCTbuEjuB9DVsw=="
    },
    "@types/node-fetch": {
      "version": "2.6.1",
      "resolved": "https://registry.npmjs.org/@types/node-fetch/-/node-fetch-2.6.1.tgz",
      "integrity": "sha512-oMqjURCaxoSIsHSr1E47QHzbmzNR5rK8McHuNb11BOM9cHcIK3Avy0s/b2JlXHoQGTYS3NsvWzV1M0iK7l0wbA==",
      "requires": {
        "@types/node": "*",
        "form-data": "^3.0.0"
      }
    },
    "array.prototype.map": {
      "version": "1.0.4",
      "resolved": "https://registry.npmjs.org/array.prototype.map/-/array.prototype.map-1.0.4.tgz",
      "integrity": "sha512-Qds9QnX7A0qISY7JT5WuJO0NJPE9CMlC6JzHQfhpqAAQQzufVRoeH7EzUY5GcPTx72voG8LV/5eo+b8Qi8hmhA==",
      "requires": {
        "call-bind": "^1.0.2",
        "define-properties": "^1.1.3",
        "es-abstract": "^1.19.0",
        "es-array-method-boxes-properly": "^1.0.0",
        "is-string": "^1.0.7"
      }
    },
    "asynckit": {
      "version": "0.4.0",
      "resolved": "https://registry.npmjs.org/asynckit/-/asynckit-0.4.0.tgz",
      "integrity": "sha1-x57Zf380y48robyXkLzDZkdLS3k="
    },
    "call-bind": {
      "version": "1.0.2",
      "resolved": "https://registry.npmjs.org/call-bind/-/call-bind-1.0.2.tgz",
      "integrity": "sha512-7O+FbCihrB5WGbFYesctwmTKae6rOiIzmz1icreWJ+0aA7LJfuqhEso2T9ncpcFtzMQtzXf2QGGueWJGTYsqrA==",
      "requires": {
        "function-bind": "^1.1.1",
        "get-intrinsic": "^1.0.2"
      }
    },
    "combined-stream": {
      "version": "1.0.8",
      "resolved": "https://registry.npmjs.org/combined-stream/-/combined-stream-1.0.8.tgz",
      "integrity": "sha512-FQN4MRfuJeHf7cBbBMJFXhKSDq+2kAArBlmRBvcvFE5BB1HZKXtSFASDhdlz9zOYwxh8lDdnvmMOe/+5cdoEdg==",
      "requires": {
        "delayed-stream": "~1.0.0"
      }
    },
    "define-properties": {
      "version": "1.1.4",
      "resolved": "https://registry.npmjs.org/define-properties/-/define-properties-1.1.4.tgz",
      "integrity": "sha512-uckOqKcfaVvtBdsVkdPv3XjveQJsNQqmhXgRi8uhvWWuPYZCNlzT8qAyblUgNoXdHdjMTzAqeGjAoli8f+bzPA==",
      "requires": {
        "has-property-descriptors": "^1.0.0",
        "object-keys": "^1.1.1"
      }
    },
    "delayed-stream": {
      "version": "1.0.0",
      "resolved": "https://registry.npmjs.org/delayed-stream/-/delayed-stream-1.0.0.tgz",
      "integrity": "sha1-3zrhmayt+31ECqrgsp4icrJOxhk="
    },
    "detect-node": {
      "version": "2.1.0",
      "resolved": "https://registry.npmjs.org/detect-node/-/detect-node-2.1.0.tgz",
      "integrity": "sha512-T0NIuQpnTvFDATNuHN5roPwSBG83rFsuO+MXXH9/3N1eFbn4wcPjttvjMLEPWJ0RGUYgQE7cGgS3tNxbqCGM7g=="
    },
    "es-abstract": {
      "version": "1.20.0",
      "resolved": "https://registry.npmjs.org/es-abstract/-/es-abstract-1.20.0.tgz",
      "integrity": "sha512-URbD8tgRthKD3YcC39vbvSDrX23upXnPcnGAjQfgxXF5ID75YcENawc9ZX/9iTP9ptUyfCLIxTTuMYoRfiOVKA==",
      "requires": {
        "call-bind": "^1.0.2",
        "es-to-primitive": "^1.2.1",
        "function-bind": "^1.1.1",
        "function.prototype.name": "^1.1.5",
        "get-intrinsic": "^1.1.1",
        "get-symbol-description": "^1.0.0",
        "has": "^1.0.3",
        "has-property-descriptors": "^1.0.0",
        "has-symbols": "^1.0.3",
        "internal-slot": "^1.0.3",
        "is-callable": "^1.2.4",
        "is-negative-zero": "^2.0.2",
        "is-regex": "^1.1.4",
        "is-shared-array-buffer": "^1.0.2",
        "is-string": "^1.0.7",
        "is-weakref": "^1.0.2",
        "object-inspect": "^1.12.0",
        "object-keys": "^1.1.1",
        "object.assign": "^4.1.2",
        "regexp.prototype.flags": "^1.4.1",
        "string.prototype.trimend": "^1.0.5",
        "string.prototype.trimstart": "^1.0.5",
        "unbox-primitive": "^1.0.2"
      }
    },
    "es-array-method-boxes-properly": {
      "version": "1.0.0",
      "resolved": "https://registry.npmjs.org/es-array-method-boxes-properly/-/es-array-method-boxes-properly-1.0.0.tgz",
      "integrity": "sha512-wd6JXUmyHmt8T5a2xreUwKcGPq6f1f+WwIJkijUqiGcJz1qqnZgP6XIK+QyIWU5lT7imeNxUll48bziG+TSYcA=="
    },
    "es-get-iterator": {
      "version": "1.1.2",
      "resolved": "https://registry.npmjs.org/es-get-iterator/-/es-get-iterator-1.1.2.tgz",
      "integrity": "sha512-+DTO8GYwbMCwbywjimwZMHp8AuYXOS2JZFWoi2AlPOS3ebnII9w/NLpNZtA7A0YLaVDw+O7KFCeoIV7OPvM7hQ==",
      "requires": {
        "call-bind": "^1.0.2",
        "get-intrinsic": "^1.1.0",
        "has-symbols": "^1.0.1",
        "is-arguments": "^1.1.0",
        "is-map": "^2.0.2",
        "is-set": "^2.0.2",
        "is-string": "^1.0.5",
        "isarray": "^2.0.5"
      }
    },
    "es-to-primitive": {
      "version": "1.2.1",
      "resolved": "https://registry.npmjs.org/es-to-primitive/-/es-to-primitive-1.2.1.tgz",
      "integrity": "sha512-QCOllgZJtaUo9miYBcLChTUaHNjJF3PYs1VidD7AwiEj1kYxKeQTctLAezAOH5ZKRH0g2IgPn6KwB4IT8iRpvA==",
      "requires": {
        "is-callable": "^1.1.4",
        "is-date-object": "^1.0.1",
        "is-symbol": "^1.0.2"
      }
    },
    "form-data": {
      "version": "3.0.1",
      "resolved": "https://registry.npmjs.org/form-data/-/form-data-3.0.1.tgz",
      "integrity": "sha512-RHkBKtLWUVwd7SqRIvCZMEvAMoGUp0XU+seQiZejj0COz3RI3hWP4sCv3gZWWLjJTd7rGwcsF5eKZGii0r/hbg==",
      "requires": {
        "asynckit": "^0.4.0",
        "combined-stream": "^1.0.8",
        "mime-types": "^2.1.12"
      }
    },
    "fs-extra": {
      "version": "10.0.0",
      "resolved": "https://registry.npmjs.org/fs-extra/-/fs-extra-10.0.0.tgz",
      "integrity": "sha512-C5owb14u9eJwizKGdchcDUQeFtlSHHthBk8pbX9Vc1PFZrLombudjDnNns88aYslCyF6IY5SUw3Roz6xShcEIQ==",
      "requires": {
        "graceful-fs": "^4.2.0",
        "jsonfile": "^6.0.1",
        "universalify": "^2.0.0"
      }
    },
    "function-bind": {
      "version": "1.1.1",
      "resolved": "https://registry.npmjs.org/function-bind/-/function-bind-1.1.1.tgz",
      "integrity": "sha512-yIovAzMX49sF8Yl58fSCWJ5svSLuaibPxXQJFLmBObTuCr0Mf1KiPopGM9NiFjiYBCbfaa2Fh6breQ6ANVTI0A=="
    },
    "function.prototype.name": {
      "version": "1.1.5",
      "resolved": "https://registry.npmjs.org/function.prototype.name/-/function.prototype.name-1.1.5.tgz",
      "integrity": "sha512-uN7m/BzVKQnCUF/iW8jYea67v++2u7m5UgENbHRtdDVclOUP+FMPlCNdmk0h/ysGyo2tavMJEDqJAkJdRa1vMA==",
      "requires": {
        "call-bind": "^1.0.2",
        "define-properties": "^1.1.3",
        "es-abstract": "^1.19.0",
        "functions-have-names": "^1.2.2"
      }
    },
    "functions-have-names": {
      "version": "1.2.3",
      "resolved": "https://registry.npmjs.org/functions-have-names/-/functions-have-names-1.2.3.tgz",
      "integrity": "sha512-xckBUXyTIqT97tq2x2AMb+g163b5JFysYk0x4qxNFwbfQkmNZoiRHb6sPzI9/QV33WeuvVYBUIiD4NzNIyqaRQ=="
    },
    "get-intrinsic": {
      "version": "1.1.1",
      "resolved": "https://registry.npmjs.org/get-intrinsic/-/get-intrinsic-1.1.1.tgz",
      "integrity": "sha512-kWZrnVM42QCiEA2Ig1bG8zjoIMOgxWwYCEeNdwY6Tv/cOSeGpcoX4pXHfKUxNKVoArnrEr2e9srnAxxGIraS9Q==",
      "requires": {
        "function-bind": "^1.1.1",
        "has": "^1.0.3",
        "has-symbols": "^1.0.1"
      }
    },
    "get-symbol-description": {
      "version": "1.0.0",
      "resolved": "https://registry.npmjs.org/get-symbol-description/-/get-symbol-description-1.0.0.tgz",
      "integrity": "sha512-2EmdH1YvIQiZpltCNgkuiUnyukzxM/R6NDJX31Ke3BG1Nq5b0S2PhX59UKi9vZpPDQVdqn+1IcaAwnzTT5vCjw==",
      "requires": {
        "call-bind": "^1.0.2",
        "get-intrinsic": "^1.1.1"
      }
    },
    "graceful-fs": {
      "version": "4.2.6",
      "resolved": "https://registry.npmjs.org/graceful-fs/-/graceful-fs-4.2.6.tgz",
      "integrity": "sha512-nTnJ528pbqxYanhpDYsi4Rd8MAeaBA67+RZ10CM1m3bTAVFEDcd5AuA4a6W5YkGZ1iNXHzZz8T6TBKLeBuNriQ=="
    },
    "has": {
      "version": "1.0.3",
      "resolved": "https://registry.npmjs.org/has/-/has-1.0.3.tgz",
      "integrity": "sha512-f2dvO0VU6Oej7RkWJGrehjbzMAjFp5/VKPp5tTpWIV4JHHZK1/BxbFRtf/siA2SWTe09caDmVtYYzWEIbBS4zw==",
      "requires": {
        "function-bind": "^1.1.1"
      }
    },
    "has-bigints": {
      "version": "1.0.2",
      "resolved": "https://registry.npmjs.org/has-bigints/-/has-bigints-1.0.2.tgz",
      "integrity": "sha512-tSvCKtBr9lkF0Ex0aQiP9N+OpV4zi2r/Nee5VkRDbaqv35RLYMzbwQfFSZZH0kR+Rd6302UJZ2p/bJCEoR3VoQ=="
    },
    "has-property-descriptors": {
      "version": "1.0.0",
      "resolved": "https://registry.npmjs.org/has-property-descriptors/-/has-property-descriptors-1.0.0.tgz",
      "integrity": "sha512-62DVLZGoiEBDHQyqG4w9xCuZ7eJEwNmJRWw2VY84Oedb7WFcA27fiEVe8oUQx9hAUJ4ekurquucTGwsyO1XGdQ==",
      "requires": {
        "get-intrinsic": "^1.1.1"
      }
    },
    "has-symbols": {
      "version": "1.0.3",
      "resolved": "https://registry.npmjs.org/has-symbols/-/has-symbols-1.0.3.tgz",
      "integrity": "sha512-l3LCuF6MgDNwTDKkdYGEihYjt5pRPbEg46rtlmnSPlUbgmB8LOIrKJbYYFBSbnPaJexMKtiPO8hmeRjRz2Td+A=="
    },
    "has-tostringtag": {
      "version": "1.0.0",
      "resolved": "https://registry.npmjs.org/has-tostringtag/-/has-tostringtag-1.0.0.tgz",
      "integrity": "sha512-kFjcSNhnlGV1kyoGk7OXKSawH5JOb/LzUc5w9B02hOTO0dfFRjbHQKvg1d6cf3HbeUmtU9VbbV3qzZ2Teh97WQ==",
      "requires": {
        "has-symbols": "^1.0.2"
      }
    },
    "internal-slot": {
      "version": "1.0.3",
      "resolved": "https://registry.npmjs.org/internal-slot/-/internal-slot-1.0.3.tgz",
      "integrity": "sha512-O0DB1JC/sPyZl7cIo78n5dR7eUSwwpYPiXRhTzNxZVAMUuB8vlnRFyLxdrVToks6XPLVnFfbzaVd5WLjhgg+vA==",
      "requires": {
        "get-intrinsic": "^1.1.0",
        "has": "^1.0.3",
        "side-channel": "^1.0.4"
      }
    },
    "is-arguments": {
      "version": "1.1.1",
      "resolved": "https://registry.npmjs.org/is-arguments/-/is-arguments-1.1.1.tgz",
      "integrity": "sha512-8Q7EARjzEnKpt/PCD7e1cgUS0a6X8u5tdSiMqXhojOdoV9TsMsiO+9VLC5vAmO8N7/GmXn7yjR8qnA6bVAEzfA==",
      "requires": {
        "call-bind": "^1.0.2",
        "has-tostringtag": "^1.0.0"
      }
    },
    "is-bigint": {
      "version": "1.0.4",
      "resolved": "https://registry.npmjs.org/is-bigint/-/is-bigint-1.0.4.tgz",
      "integrity": "sha512-zB9CruMamjym81i2JZ3UMn54PKGsQzsJeo6xvN3HJJ4CAsQNB6iRutp2To77OfCNuoxspsIhzaPoO1zyCEhFOg==",
      "requires": {
        "has-bigints": "^1.0.1"
      }
    },
    "is-boolean-object": {
      "version": "1.1.2",
      "resolved": "https://registry.npmjs.org/is-boolean-object/-/is-boolean-object-1.1.2.tgz",
      "integrity": "sha512-gDYaKHJmnj4aWxyj6YHyXVpdQawtVLHU5cb+eztPGczf6cjuTdwve5ZIEfgXqH4e57An1D1AKf8CZ3kYrQRqYA==",
      "requires": {
        "call-bind": "^1.0.2",
        "has-tostringtag": "^1.0.0"
      }
    },
    "is-callable": {
      "version": "1.2.4",
      "resolved": "https://registry.npmjs.org/is-callable/-/is-callable-1.2.4.tgz",
      "integrity": "sha512-nsuwtxZfMX67Oryl9LCQ+upnC0Z0BgpwntpS89m1H/TLF0zNfzfLMV/9Wa/6MZsj0acpEjAO0KF1xT6ZdLl95w=="
    },
    "is-date-object": {
      "version": "1.0.5",
      "resolved": "https://registry.npmjs.org/is-date-object/-/is-date-object-1.0.5.tgz",
      "integrity": "sha512-9YQaSxsAiSwcvS33MBk3wTCVnWK+HhF8VZR2jRxehM16QcVOdHqPn4VPHmRK4lSr38n9JriurInLcP90xsYNfQ==",
      "requires": {
        "has-tostringtag": "^1.0.0"
      }
    },
    "is-map": {
      "version": "2.0.2",
      "resolved": "https://registry.npmjs.org/is-map/-/is-map-2.0.2.tgz",
      "integrity": "sha512-cOZFQQozTha1f4MxLFzlgKYPTyj26picdZTx82hbc/Xf4K/tZOOXSCkMvU4pKioRXGDLJRn0GM7Upe7kR721yg=="
    },
    "is-negative-zero": {
      "version": "2.0.2",
      "resolved": "https://registry.npmjs.org/is-negative-zero/-/is-negative-zero-2.0.2.tgz",
      "integrity": "sha512-dqJvarLawXsFbNDeJW7zAz8ItJ9cd28YufuuFzh0G8pNHjJMnY08Dv7sYX2uF5UpQOwieAeOExEYAWWfu7ZZUA=="
    },
    "is-number-object": {
      "version": "1.0.7",
      "resolved": "https://registry.npmjs.org/is-number-object/-/is-number-object-1.0.7.tgz",
      "integrity": "sha512-k1U0IRzLMo7ZlYIfzRu23Oh6MiIFasgpb9X76eqfFZAqwH44UI4KTBvBYIZ1dSL9ZzChTB9ShHfLkR4pdW5krQ==",
      "requires": {
        "has-tostringtag": "^1.0.0"
      }
    },
    "is-regex": {
      "version": "1.1.4",
      "resolved": "https://registry.npmjs.org/is-regex/-/is-regex-1.1.4.tgz",
      "integrity": "sha512-kvRdxDsxZjhzUX07ZnLydzS1TU/TJlTUHHY4YLL87e37oUA49DfkLqgy+VjFocowy29cKvcSiu+kIv728jTTVg==",
      "requires": {
        "call-bind": "^1.0.2",
        "has-tostringtag": "^1.0.0"
      }
    },
    "is-set": {
      "version": "2.0.2",
      "resolved": "https://registry.npmjs.org/is-set/-/is-set-2.0.2.tgz",
      "integrity": "sha512-+2cnTEZeY5z/iXGbLhPrOAaK/Mau5k5eXq9j14CpRTftq0pAJu2MwVRSZhyZWBzx3o6X795Lz6Bpb6R0GKf37g=="
    },
    "is-shared-array-buffer": {
      "version": "1.0.2",
      "resolved": "https://registry.npmjs.org/is-shared-array-buffer/-/is-shared-array-buffer-1.0.2.tgz",
      "integrity": "sha512-sqN2UDu1/0y6uvXyStCOzyhAjCSlHceFoMKJW8W9EU9cvic/QdsZ0kEU93HEy3IUEFZIiH/3w+AH/UQbPHNdhA==",
      "requires": {
        "call-bind": "^1.0.2"
      }
    },
    "is-string": {
      "version": "1.0.7",
      "resolved": "https://registry.npmjs.org/is-string/-/is-string-1.0.7.tgz",
      "integrity": "sha512-tE2UXzivje6ofPW7l23cjDOMa09gb7xlAqG6jG5ej6uPV32TlWP3NKPigtaGeHNu9fohccRYvIiZMfOOnOYUtg==",
      "requires": {
        "has-tostringtag": "^1.0.0"
      }
    },
    "is-symbol": {
      "version": "1.0.4",
      "resolved": "https://registry.npmjs.org/is-symbol/-/is-symbol-1.0.4.tgz",
      "integrity": "sha512-C/CPBqKWnvdcxqIARxyOh4v1UUEOCHpgDa0WYgpKDFMszcrPcffg5uhwSgPCLD2WWxmq6isisz87tzT01tuGhg==",
      "requires": {
        "has-symbols": "^1.0.2"
      }
    },
    "is-weakref": {
      "version": "1.0.2",
      "resolved": "https://registry.npmjs.org/is-weakref/-/is-weakref-1.0.2.tgz",
      "integrity": "sha512-qctsuLZmIQ0+vSSMfoVvyFe2+GSEvnmZ2ezTup1SBse9+twCCeial6EEi3Nc2KFcf6+qz2FBPnjXsk8xhKSaPQ==",
      "requires": {
        "call-bind": "^1.0.2"
      }
    },
    "isarray": {
      "version": "2.0.5",
      "resolved": "https://registry.npmjs.org/isarray/-/isarray-2.0.5.tgz",
      "integrity": "sha512-xHjhDr3cNBK0BzdUJSPXZntQUx/mwMS5Rw4A7lPJ90XGAO6ISP/ePDNuo0vhqOZU+UD5JoodwCAAoZQd3FeAKw=="
    },
    "iterate-iterator": {
      "version": "1.0.2",
      "resolved": "https://registry.npmjs.org/iterate-iterator/-/iterate-iterator-1.0.2.tgz",
      "integrity": "sha512-t91HubM4ZDQ70M9wqp+pcNpu8OyJ9UAtXntT/Bcsvp5tZMnz9vRa+IunKXeI8AnfZMTv0jNuVEmGeLSMjVvfPw=="
    },
    "iterate-value": {
      "version": "1.0.2",
      "resolved": "https://registry.npmjs.org/iterate-value/-/iterate-value-1.0.2.tgz",
      "integrity": "sha512-A6fMAio4D2ot2r/TYzr4yUWrmwNdsN5xL7+HUiyACE4DXm+q8HtPcnFTp+NnW3k4N05tZ7FVYFFb2CR13NxyHQ==",
      "requires": {
        "es-get-iterator": "^1.0.2",
        "iterate-iterator": "^1.0.1"
      }
    },
    "jsonfile": {
      "version": "6.1.0",
      "resolved": "https://registry.npmjs.org/jsonfile/-/jsonfile-6.1.0.tgz",
      "integrity": "sha512-5dgndWOriYSm5cnYaJNhalLNDKOqFwyDB/rr1E9ZsGciGvKPs8R2xYGCacuf3z6K1YKDz182fd+fY3cn3pMqXQ==",
      "requires": {
        "graceful-fs": "^4.1.6",
        "universalify": "^2.0.0"
      }
    },
    "klona": {
      "version": "2.0.5",
      "resolved": "https://registry.npmjs.org/klona/-/klona-2.0.5.tgz",
      "integrity": "sha512-pJiBpiXMbt7dkzXe8Ghj/u4FfXOOa98fPW+bihOJ4SjnoijweJrNThJfd3ifXpXhREjpoF2mZVH1GfS9LV3kHQ=="
    },
    "mime-db": {
      "version": "1.52.0",
      "resolved": "https://registry.npmjs.org/mime-db/-/mime-db-1.52.0.tgz",
      "integrity": "sha512-sPU4uV7dYlvtWJxwwxHD0PuihVNiE7TyAbQ5SWxDCB9mUYvOgroQOwYQQOKPJ8CIbE+1ETVlOoK1UC2nU3gYvg=="
    },
    "mime-types": {
      "version": "2.1.35",
      "resolved": "https://registry.npmjs.org/mime-types/-/mime-types-2.1.35.tgz",
      "integrity": "sha512-ZDY+bPm5zTTF+YpCrAU9nK0UgICYPT0QtT1NZWFv4s++TNkcgVaT0g6+4R2uI4MjQjzysHB1zxuWL50hzaeXiw==",
      "requires": {
        "mime-db": "1.52.0"
      }
    },
    "moment": {
      "version": "2.24.0",
      "resolved": "https://registry.npmjs.org/moment/-/moment-2.24.0.tgz",
      "integrity": "sha512-bV7f+6l2QigeBBZSM/6yTNq4P2fNpSWj/0e7jQcy87A8e7o2nAfP/34/2ky5Vw4B9S446EtIhodAzkFCcR4dQg=="
    },
    "node-fetch": {
      "version": "2.6.7",
      "resolved": "https://registry.npmjs.org/node-fetch/-/node-fetch-2.6.7.tgz",
      "integrity": "sha512-ZjMPFEfVx5j+y2yF35Kzx5sF7kDzxuDj6ziH4FFbOp87zKDZNx8yExJIb05OGF4Nlt9IHFIMBkRl41VdvcNdbQ==",
      "requires": {
        "whatwg-url": "^5.0.0"
      }
    },
    "object-inspect": {
      "version": "1.12.0",
      "resolved": "https://registry.npmjs.org/object-inspect/-/object-inspect-1.12.0.tgz",
      "integrity": "sha512-Ho2z80bVIvJloH+YzRmpZVQe87+qASmBUKZDWgx9cu+KDrX2ZDH/3tMy+gXbZETVGs2M8YdxObOh7XAtim9Y0g=="
    },
    "object-keys": {
      "version": "1.1.1",
      "resolved": "https://registry.npmjs.org/object-keys/-/object-keys-1.1.1.tgz",
      "integrity": "sha512-NuAESUOUMrlIXOfHKzD6bpPu3tYt3xvjNdRIQ+FeT0lNb4K8WR70CaDxhuNguS2XG+GjkyMwOzsN5ZktImfhLA=="
    },
    "object.assign": {
      "version": "4.1.2",
      "resolved": "https://registry.npmjs.org/object.assign/-/object.assign-4.1.2.tgz",
      "integrity": "sha512-ixT2L5THXsApyiUPYKmW+2EHpXXe5Ii3M+f4e+aJFAHao5amFRW6J0OO6c/LU8Be47utCx2GL89hxGB6XSmKuQ==",
      "requires": {
        "call-bind": "^1.0.0",
        "define-properties": "^1.1.3",
        "has-symbols": "^1.0.1",
        "object-keys": "^1.1.1"
      }
    },
    "prettier": {
      "version": "2.2.1",
      "resolved": "https://registry.npmjs.org/prettier/-/prettier-2.2.1.tgz",
      "integrity": "sha512-PqyhM2yCjg/oKkFPtTGUojv7gnZAoG80ttl45O6x2Ug/rMJw4wcc9k6aaf2hibP7BGVCCM33gZoGjyvt9mm16Q==",
      "dev": true
    },
    "regexp.prototype.flags": {
      "version": "1.4.3",
      "resolved": "https://registry.npmjs.org/regexp.prototype.flags/-/regexp.prototype.flags-1.4.3.tgz",
      "integrity": "sha512-fjggEOO3slI6Wvgjwflkc4NFRCTZAu5CnNfBd5qOMYhWdn67nJBBu34/TkD++eeFmd8C9r9jfXJ27+nSiRkSUA==",
      "requires": {
        "call-bind": "^1.0.2",
        "define-properties": "^1.1.3",
        "functions-have-names": "^1.2.2"
      }
    },
    "side-channel": {
      "version": "1.0.4",
      "resolved": "https://registry.npmjs.org/side-channel/-/side-channel-1.0.4.tgz",
      "integrity": "sha512-q5XPytqFEIKHkGdiMIrY10mvLRvnQh42/+GoBlFW3b2LXLE2xxJpZFdm94we0BaoV3RwJyGqg5wS7epxTv0Zvw==",
      "requires": {
        "call-bind": "^1.0.0",
        "get-intrinsic": "^1.0.2",
        "object-inspect": "^1.9.0"
      }
    },
    "string.prototype.trimend": {
      "version": "1.0.5",
      "resolved": "https://registry.npmjs.org/string.prototype.trimend/-/string.prototype.trimend-1.0.5.tgz",
      "integrity": "sha512-I7RGvmjV4pJ7O3kdf+LXFpVfdNOxtCW/2C8f6jNiW4+PQchwxkCDzlk1/7p+Wl4bqFIZeF47qAHXLuHHWKAxog==",
      "requires": {
        "call-bind": "^1.0.2",
        "define-properties": "^1.1.4",
        "es-abstract": "^1.19.5"
      }
    },
    "string.prototype.trimstart": {
      "version": "1.0.5",
      "resolved": "https://registry.npmjs.org/string.prototype.trimstart/-/string.prototype.trimstart-1.0.5.tgz",
      "integrity": "sha512-THx16TJCGlsN0o6dl2o6ncWUsdgnLRSA23rRE5pyGBw/mLr3Ej/R2LaqCtgP8VNMGZsvMWnf9ooZPyY2bHvUFg==",
      "requires": {
        "call-bind": "^1.0.2",
        "define-properties": "^1.1.4",
        "es-abstract": "^1.19.5"
      }
    },
    "tr46": {
      "version": "0.0.3",
      "resolved": "https://registry.npmjs.org/tr46/-/tr46-0.0.3.tgz",
      "integrity": "sha1-gYT9NH2snNwYWZLzpmIuFLnZq2o="
    },
    "tslib": {
      "version": "2.4.0",
      "resolved": "https://registry.npmjs.org/tslib/-/tslib-2.4.0.tgz",
      "integrity": "sha512-d6xOpEDfsi2CZVlPQzGeux8XMwLT9hssAsaPYExaQMuYskwb+x1x7J371tWlbBdWHroy99KnVB6qIkUbs5X3UQ=="
    },
    "unbox-primitive": {
      "version": "1.0.2",
      "resolved": "https://registry.npmjs.org/unbox-primitive/-/unbox-primitive-1.0.2.tgz",
      "integrity": "sha512-61pPlCD9h51VoreyJ0BReideM3MDKMKnh6+V9L08331ipq6Q8OFXZYiqP6n/tbHx4s5I9uRhcye6BrbkizkBDw==",
      "requires": {
        "call-bind": "^1.0.2",
        "has-bigints": "^1.0.2",
        "has-symbols": "^1.0.3",
        "which-boxed-primitive": "^1.0.2"
      }
    },
    "universalify": {
      "version": "2.0.0",
      "resolved": "https://registry.npmjs.org/universalify/-/universalify-2.0.0.tgz",
      "integrity": "sha512-hAZsKq7Yy11Zu1DE0OzWjw7nnLZmJZYTDZZyEFHZdUhV8FkH5MCfoU1XMaxXovpyW5nq5scPqq0ZDP9Zyl04oQ=="
    },
    "webidl-conversions": {
      "version": "3.0.1",
      "resolved": "https://registry.npmjs.org/webidl-conversions/-/webidl-conversions-3.0.1.tgz",
      "integrity": "sha1-JFNCdeKnvGvnvIZhHMFq4KVlSHE="
    },
    "whatwg-url": {
      "version": "5.0.0",
      "resolved": "https://registry.npmjs.org/whatwg-url/-/whatwg-url-5.0.0.tgz",
      "integrity": "sha1-lmRU6HZUYuN2RNNib2dCzotwll0=",
      "requires": {
        "tr46": "~0.0.3",
        "webidl-conversions": "^3.0.0"
      }
    },
    "which-boxed-primitive": {
      "version": "1.0.2",
      "resolved": "https://registry.npmjs.org/which-boxed-primitive/-/which-boxed-primitive-1.0.2.tgz",
      "integrity": "sha512-bwZdv0AKLpplFY2KZRX6TvyuN7ojjr7lwkg6ml0roIy9YeuSr7JS372qlNW18UQYzgYK9ziGcerWqZOmEn9VNg==",
      "requires": {
        "is-bigint": "^1.0.1",
        "is-boolean-object": "^1.1.0",
        "is-number-object": "^1.0.4",
        "is-string": "^1.0.5",
        "is-symbol": "^1.0.3"
      }
    }
  }
}
