{
    "name": "@crowbartools/firebot-custom-scripts-types",
    "version": "5.65.1",
    "lockfileVersion": 2,
    "requires": true,
    "packages": {
        "": {
            "name": "@crowbartools/firebot-custom-scripts-types",
            "version": "5.65.1",
            "license": "ISC",
            "dependencies": {
                "@twurple/api": "^8.0.2",
                "@twurple/auth": "^8.0.2",
                "@types/angular": "^1.8.4",
                "@types/express": "^5.0.3",
                "@types/node": "^22.18.8",
                "moment": "^2.24.0",
                "tiny-typed-emitter": "^2.1.0"
            },
            "devDependencies": {
                "prettier": "2.2.1"
            }
        },
        "node_modules/@d-fischer/cache-decorators": {
            "version": "4.0.1",
            "resolved": "https://registry.npmjs.org/@d-fischer/cache-decorators/-/cache-decorators-4.0.1.tgz",
            "integrity": "sha512-HNYLBLWs/t28GFZZeqdIBqq8f37mqDIFO6xNPof94VjpKvuP6ROqCZGafx88dk5zZUlBfViV9jD8iNNlXfc4CA==",
            "license": "MIT",
            "dependencies": {
                "@d-fischer/shared-utils": "^3.6.3",
                "tslib": "^2.6.2"
            }
        },
        "node_modules/@d-fischer/detect-node": {
            "version": "3.0.1",
            "resolved": "https://registry.npmjs.org/@d-fischer/detect-node/-/detect-node-3.0.1.tgz",
            "integrity": "sha512-0Rf3XwTzuTh8+oPZW9SfxTIiL+26RRJ0BRPwj5oVjZFyFKmsj9RGfN2zuTRjOuA3FCK/jYm06HOhwNK+8Pfv8w==",
            "license": "MIT"
        },
        "node_modules/@d-fischer/logger": {
            "version": "4.2.4",
            "resolved": "https://registry.npmjs.org/@d-fischer/logger/-/logger-4.2.4.tgz",
            "integrity": "sha512-TFMZ/SVW8xyQtyJw9Rcuci4betSKy0qbQn2B5+1+72vVXeO8Qb1pYvuwF5qr0vDGundmSWq7W8r19nVPnXXSvA==",
            "license": "MIT",
            "dependencies": {
                "@d-fischer/detect-node": "^3.0.1",
                "@d-fischer/shared-utils": "^3.6.1",
                "tslib": "^2.5.0"
            },
            "funding": {
                "url": "https://github.com/sponsors/d-fischer"
            }
        },
        "node_modules/@d-fischer/rate-limiter": {
            "version": "1.1.0",
            "resolved": "https://registry.npmjs.org/@d-fischer/rate-limiter/-/rate-limiter-1.1.0.tgz",
            "integrity": "sha512-O5HgACwApyCZhp4JTEBEtbv/W3eAwEkrARFvgWnEsDmXgCMWjIHwohWoHre5BW6IYXFSHBGsuZB/EvNL3942kQ==",
            "license": "MIT",
            "dependencies": {
                "@d-fischer/logger": "^4.2.3",
                "@d-fischer/shared-utils": "^3.6.3",
                "tslib": "^2.6.2"
            },
            "funding": {
                "url": "https://github.com/sponsors/d-fischer"
            }
        },
        "node_modules/@d-fischer/shared-utils": {
            "version": "3.6.4",
            "resolved": "https://registry.npmjs.org/@d-fischer/shared-utils/-/shared-utils-3.6.4.tgz",
            "integrity": "sha512-BPkVLHfn2Lbyo/ENDBwtEB8JVQ+9OzkjJhUunLaxkw4k59YFlQxUUwlDBejVSFcpQT0t+D3CQlX+ySZnQj0wxw==",
            "license": "MIT",
            "dependencies": {
                "tslib": "^2.4.1"
            },
            "funding": {
                "url": "https://github.com/sponsors/d-fischer"
            }
        },
        "node_modules/@d-fischer/typed-event-emitter": {
            "version": "3.3.3",
            "resolved": "https://registry.npmjs.org/@d-fischer/typed-event-emitter/-/typed-event-emitter-3.3.3.tgz",
            "integrity": "sha512-OvSEOa8icfdWDqcRtjSEZtgJTFOFNgTjje7zaL0+nAtu2/kZtRCSK5wUMrI/aXtCH8o0Qz2vA8UqkhWUTARFQQ==",
            "license": "MIT",
            "dependencies": {
                "tslib": "^2.4.0"
            },
            "funding": {
                "url": "https://github.com/sponsors/d-fischer"
            }
        },
        "node_modules/@twurple/api": {
            "version": "8.0.2",
            "resolved": "https://registry.npmjs.org/@twurple/api/-/api-8.0.2.tgz",
            "integrity": "sha512-zBWU/UaNGjCu5IQzYTWJONbG7FyXtDP5TYRVIKdUqZ3EXCi9H6j6kcx+GVNfikd3zx7boHDVZqCzOt4VGdgsPA==",
            "license": "MIT",
            "dependencies": {
                "@d-fischer/cache-decorators": "^4.0.0",
                "@d-fischer/detect-node": "^3.0.1",
                "@d-fischer/logger": "^4.2.1",
                "@d-fischer/rate-limiter": "^1.1.0",
                "@d-fischer/shared-utils": "^3.6.1",
                "@d-fischer/typed-event-emitter": "^3.3.1",
                "@twurple/api-call": "8.0.2",
                "@twurple/common": "8.0.2",
                "retry": "^0.13.1",
                "tslib": "^2.0.3"
            },
            "funding": {
                "url": "https://github.com/sponsors/d-fischer"
            },
            "peerDependencies": {
                "@twurple/auth": "8.0.2"
            }
        },
        "node_modules/@twurple/api-call": {
            "version": "8.0.2",
            "resolved": "https://registry.npmjs.org/@twurple/api-call/-/api-call-8.0.2.tgz",
            "integrity": "sha512-Qalqb20+VdFKcRpWe9lRoatLxbsCCcbUS70ODQ0pcRgNvVYO4SIL1FcoOwNK+ra1Gtu7x2DdYnJn1Era1HhIOg==",
            "license": "MIT",
            "dependencies": {
                "@d-fischer/shared-utils": "^3.6.1",
                "@twurple/common": "8.0.2",
                "tslib": "^2.0.3"
            },
            "funding": {
                "url": "https://github.com/sponsors/d-fischer"
            }
        },
        "node_modules/@twurple/auth": {
            "version": "8.0.2",
            "resolved": "https://registry.npmjs.org/@twurple/auth/-/auth-8.0.2.tgz",
            "integrity": "sha512-FbkZqvyw7ZedMdXKP2xDQ/G22EY56LB0J14yZXHfrcLDnh7yofgAe8nQAT4gDIF+kl51AnMxt1Zsay6C8b2Gmw==",
            "license": "MIT",
            "dependencies": {
                "@d-fischer/logger": "^4.2.1",
                "@d-fischer/shared-utils": "^3.6.1",
                "@d-fischer/typed-event-emitter": "^3.3.1",
                "@twurple/api-call": "8.0.2",
                "@twurple/common": "8.0.2",
                "tslib": "^2.0.3"
            },
            "funding": {
                "url": "https://github.com/sponsors/d-fischer"
            }
        },
        "node_modules/@twurple/common": {
            "version": "8.0.2",
            "resolved": "https://registry.npmjs.org/@twurple/common/-/common-8.0.2.tgz",
            "integrity": "sha512-67PpI8z0KAQhgjpf4vdKLC/jur7iHFay4whtJ4EP+Tj/qHBqgfjHxKIhFpRJqpTb+68TpUz0v2J5CVA7ugMDuQ==",
            "license": "MIT",
            "dependencies": {
                "@d-fischer/shared-utils": "^3.6.1",
                "klona": "^2.0.4",
                "tslib": "^2.0.3"
            },
            "funding": {
                "url": "https://github.com/sponsors/d-fischer"
            }
        },
        "node_modules/@types/angular": {
            "version": "1.8.4",
            "resolved": "https://registry.npmjs.org/@types/angular/-/angular-1.8.4.tgz",
            "integrity": "sha512-wPS/ncJWhyxJsndsW1B6Ta8D4mi97x1yItSu+rkLDytU3oRIh2CFAjMuJceYwFAh9+DIohndWM0QBA9OU2Hv0g==",
            "license": "MIT"
        },
        "node_modules/@types/body-parser": {
            "version": "1.19.2",
            "resolved": "https://registry.npmjs.org/@types/body-parser/-/body-parser-1.19.2.tgz",
            "integrity": "sha512-ALYone6pm6QmwZoAgeyNksccT9Q4AWZQ6PvfwR37GT6r6FWUPguq6sUmNGSMV2Wr761oQoBxwGGa6DR5o1DC9g==",
            "dependencies": {
                "@types/connect": "*",
                "@types/node": "*"
            }
        },
        "node_modules/@types/connect": {
            "version": "3.4.35",
            "resolved": "https://registry.npmjs.org/@types/connect/-/connect-3.4.35.tgz",
            "integrity": "sha512-cdeYyv4KWoEgpBISTxWvqYsVy444DOqehiF3fM3ne10AmJ62RSyNkUnxMJXHQWRQQX2eR94m5y1IZyDwBjV9FQ==",
            "dependencies": {
                "@types/node": "*"
            }
        },
        "node_modules/@types/express": {
            "version": "5.0.3",
            "resolved": "https://registry.npmjs.org/@types/express/-/express-5.0.3.tgz",
            "integrity": "sha512-wGA0NX93b19/dZC1J18tKWVIYWyyF2ZjT9vin/NRu0qzzvfVzWjs04iq2rQ3H65vCTQYlRqs3YHfY7zjdV+9Kw==",
            "license": "MIT",
            "dependencies": {
                "@types/body-parser": "*",
                "@types/express-serve-static-core": "^5.0.0",
                "@types/serve-static": "*"
            }
        },
        "node_modules/@types/express-serve-static-core": {
            "version": "5.0.7",
            "resolved": "https://registry.npmjs.org/@types/express-serve-static-core/-/express-serve-static-core-5.0.7.tgz",
            "integrity": "sha512-R+33OsgWw7rOhD1emjU7dzCDHucJrgJXMA5PYCzJxVil0dsyx5iBEPHqpPfiKNJQb7lZ1vxwoLR4Z87bBUpeGQ==",
            "license": "MIT",
            "dependencies": {
                "@types/node": "*",
                "@types/qs": "*",
                "@types/range-parser": "*",
                "@types/send": "*"
            }
        },
        "node_modules/@types/mime": {
            "version": "1.3.2",
            "resolved": "https://registry.npmjs.org/@types/mime/-/mime-1.3.2.tgz",
            "integrity": "sha512-YATxVxgRqNH6nHEIsvg6k2Boc1JHI9ZbH5iWFFv/MTkchz3b1ieGDa5T0a9RznNdI0KhVbdbWSN+KWWrQZRxTw=="
        },
        "node_modules/@types/node": {
            "version": "22.18.8",
            "resolved": "https://registry.npmjs.org/@types/node/-/node-22.18.8.tgz",
            "integrity": "sha512-pAZSHMiagDR7cARo/cch1f3rXy0AEXwsVsVH09FcyeJVAzCnGgmYis7P3JidtTUjyadhTeSo8TgRPswstghDaw==",
            "license": "MIT",
            "dependencies": {
                "undici-types": "~6.21.0"
            }
        },
        "node_modules/@types/qs": {
            "version": "6.14.0",
            "resolved": "https://registry.npmjs.org/@types/qs/-/qs-6.14.0.tgz",
            "integrity": "sha512-eOunJqu0K1923aExK6y8p6fsihYEn/BYuQ4g0CxAAgFc4b/ZLN4CrsRZ55srTdqoiLzU2B2evC+apEIxprEzkQ==",
            "license": "MIT"
        },
        "node_modules/@types/range-parser": {
            "version": "1.2.7",
            "resolved": "https://registry.npmjs.org/@types/range-parser/-/range-parser-1.2.7.tgz",
            "integrity": "sha512-hKormJbkJqzQGhziax5PItDUTMAM9uE2XXQmM37dyd4hVM+5aVl7oVxMVUiVQn2oCQFN/LKCZdvSM0pFRqbSmQ==",
            "license": "MIT"
        },
        "node_modules/@types/send": {
            "version": "0.17.5",
            "resolved": "https://registry.npmjs.org/@types/send/-/send-0.17.5.tgz",
            "integrity": "sha512-z6F2D3cOStZvuk2SaP6YrwkNO65iTZcwA2ZkSABegdkAh/lf+Aa/YQndZVfmEXT5vgAp6zv06VQ3ejSVjAny4w==",
            "license": "MIT",
            "dependencies": {
                "@types/mime": "^1",
                "@types/node": "*"
            }
        },
        "node_modules/@types/serve-static": {
            "version": "1.13.10",
            "resolved": "https://registry.npmjs.org/@types/serve-static/-/serve-static-1.13.10.tgz",
            "integrity": "sha512-nCkHGI4w7ZgAdNkrEu0bv+4xNV/XDqW+DydknebMOQwkpDGx8G+HTlj7R7ABI8i8nKxVw0wtKPi1D+lPOkh4YQ==",
            "dependencies": {
                "@types/mime": "^1",
                "@types/node": "*"
            }
        },
        "node_modules/klona": {
            "version": "2.0.6",
            "resolved": "https://registry.npmjs.org/klona/-/klona-2.0.6.tgz",
            "integrity": "sha512-dhG34DXATL5hSxJbIexCft8FChFXtmskoZYnoPWjXQuebWYCNkVeV3KkGegCK9CP1oswI/vQibS2GY7Em/sJJA==",
            "license": "MIT",
            "engines": {
                "node": ">= 8"
            }
        },
        "node_modules/moment": {
            "version": "2.29.4",
            "resolved": "https://registry.npmjs.org/moment/-/moment-2.29.4.tgz",
            "integrity": "sha512-5LC9SOxjSc2HF6vO2CyuTDNivEdoz2IvyJJGj6X8DJ0eFyfszE0QiEd+iXmBvUP3WHxSjFH/vIsA0EN00cgr8w==",
            "engines": {
                "node": "*"
            }
        },
        "node_modules/prettier": {
            "version": "2.2.1",
            "resolved": "https://registry.npmjs.org/prettier/-/prettier-2.2.1.tgz",
            "integrity": "sha512-PqyhM2yCjg/oKkFPtTGUojv7gnZAoG80ttl45O6x2Ug/rMJw4wcc9k6aaf2hibP7BGVCCM33gZoGjyvt9mm16Q==",
            "dev": true,
            "bin": {
                "prettier": "bin-prettier.js"
            },
            "engines": {
                "node": ">=10.13.0"
            }
        },
        "node_modules/retry": {
            "version": "0.13.1",
            "resolved": "https://registry.npmjs.org/retry/-/retry-0.13.1.tgz",
            "integrity": "sha512-XQBQ3I8W1Cge0Seh+6gjj03LbmRFWuoszgK9ooCpwYIrhhoO80pfq4cUkU5DkknwfOfFteRwlZ56PYOGYyFWdg==",
            "engines": {
                "node": ">= 4"
            }
        },
        "node_modules/tiny-typed-emitter": {
            "version": "2.1.0",
            "resolved": "https://registry.npmjs.org/tiny-typed-emitter/-/tiny-typed-emitter-2.1.0.tgz",
            "integrity": "sha512-qVtvMxeXbVej0cQWKqVSSAHmKZEHAvxdF8HEUBFWts8h+xEo5m/lEiPakuyZ3BnCBjOD8i24kzNOiOLLgsSxhA==",
            "license": "MIT"
        },
        "node_modules/tslib": {
            "version": "2.8.1",
            "resolved": "https://registry.npmjs.org/tslib/-/tslib-2.8.1.tgz",
            "integrity": "sha512-oJFu94HQb+KVduSUQL7wnpmqnfmLsOA/nAh6b6EH0wCEoK0/mPeXU6c3wKDV83MkOuHPRHtSXKKU99IBazS/2w==",
            "license": "0BSD"
        },
        "node_modules/undici-types": {
            "version": "6.21.0",
            "resolved": "https://registry.npmjs.org/undici-types/-/undici-types-6.21.0.tgz",
            "integrity": "sha512-iwDZqg0QAGrg9Rav5H4n0M64c3mkR59cJ6wQp+7C4nI0gsmExaedaYLNO44eT4AtBBwjbTiGPMlt2Md0T9H9JQ==",
            "license": "MIT"
        }
    },
    "dependencies": {
        "@d-fischer/cache-decorators": {
            "version": "4.0.1",
            "resolved": "https://registry.npmjs.org/@d-fischer/cache-decorators/-/cache-decorators-4.0.1.tgz",
            "integrity": "sha512-HNYLBLWs/t28GFZZeqdIBqq8f37mqDIFO6xNPof94VjpKvuP6ROqCZGafx88dk5zZUlBfViV9jD8iNNlXfc4CA==",
            "requires": {
                "@d-fischer/shared-utils": "^3.6.3",
                "tslib": "^2.6.2"
            }
        },
        "@d-fischer/detect-node": {
            "version": "3.0.1",
            "resolved": "https://registry.npmjs.org/@d-fischer/detect-node/-/detect-node-3.0.1.tgz",
            "integrity": "sha512-0Rf3XwTzuTh8+oPZW9SfxTIiL+26RRJ0BRPwj5oVjZFyFKmsj9RGfN2zuTRjOuA3FCK/jYm06HOhwNK+8Pfv8w=="
        },
        "@d-fischer/logger": {
            "version": "4.2.4",
            "resolved": "https://registry.npmjs.org/@d-fischer/logger/-/logger-4.2.4.tgz",
            "integrity": "sha512-TFMZ/SVW8xyQtyJw9Rcuci4betSKy0qbQn2B5+1+72vVXeO8Qb1pYvuwF5qr0vDGundmSWq7W8r19nVPnXXSvA==",
            "requires": {
                "@d-fischer/detect-node": "^3.0.1",
                "@d-fischer/shared-utils": "^3.6.1",
                "tslib": "^2.5.0"
            }
        },
        "@d-fischer/rate-limiter": {
            "version": "1.1.0",
            "resolved": "https://registry.npmjs.org/@d-fischer/rate-limiter/-/rate-limiter-1.1.0.tgz",
            "integrity": "sha512-O5HgACwApyCZhp4JTEBEtbv/W3eAwEkrARFvgWnEsDmXgCMWjIHwohWoHre5BW6IYXFSHBGsuZB/EvNL3942kQ==",
            "requires": {
                "@d-fischer/logger": "^4.2.3",
                "@d-fischer/shared-utils": "^3.6.3",
                "tslib": "^2.6.2"
            }
        },
        "@d-fischer/shared-utils": {
            "version": "3.6.4",
            "resolved": "https://registry.npmjs.org/@d-fischer/shared-utils/-/shared-utils-3.6.4.tgz",
            "integrity": "sha512-BPkVLHfn2Lbyo/ENDBwtEB8JVQ+9OzkjJhUunLaxkw4k59YFlQxUUwlDBejVSFcpQT0t+D3CQlX+ySZnQj0wxw==",
            "requires": {
                "tslib": "^2.4.1"
            }
        },
        "@d-fischer/typed-event-emitter": {
            "version": "3.3.3",
            "resolved": "https://registry.npmjs.org/@d-fischer/typed-event-emitter/-/typed-event-emitter-3.3.3.tgz",
            "integrity": "sha512-OvSEOa8icfdWDqcRtjSEZtgJTFOFNgTjje7zaL0+nAtu2/kZtRCSK5wUMrI/aXtCH8o0Qz2vA8UqkhWUTARFQQ==",
            "requires": {
                "tslib": "^2.4.0"
            }
        },
        "@twurple/api": {
            "version": "8.0.2",
            "resolved": "https://registry.npmjs.org/@twurple/api/-/api-8.0.2.tgz",
            "integrity": "sha512-zBWU/UaNGjCu5IQzYTWJONbG7FyXtDP5TYRVIKdUqZ3EXCi9H6j6kcx+GVNfikd3zx7boHDVZqCzOt4VGdgsPA==",
            "requires": {
                "@d-fischer/cache-decorators": "^4.0.0",
                "@d-fischer/detect-node": "^3.0.1",
                "@d-fischer/logger": "^4.2.1",
                "@d-fischer/rate-limiter": "^1.1.0",
                "@d-fischer/shared-utils": "^3.6.1",
                "@d-fischer/typed-event-emitter": "^3.3.1",
                "@twurple/api-call": "8.0.2",
                "@twurple/common": "8.0.2",
                "retry": "^0.13.1",
                "tslib": "^2.0.3"
            }
        },
        "@twurple/api-call": {
            "version": "8.0.2",
            "resolved": "https://registry.npmjs.org/@twurple/api-call/-/api-call-8.0.2.tgz",
            "integrity": "sha512-Qalqb20+VdFKcRpWe9lRoatLxbsCCcbUS70ODQ0pcRgNvVYO4SIL1FcoOwNK+ra1Gtu7x2DdYnJn1Era1HhIOg==",
            "requires": {
                "@d-fischer/shared-utils": "^3.6.1",
                "@twurple/common": "8.0.2",
                "tslib": "^2.0.3"
            }
        },
        "@twurple/auth": {
            "version": "8.0.2",
            "resolved": "https://registry.npmjs.org/@twurple/auth/-/auth-8.0.2.tgz",
            "integrity": "sha512-FbkZqvyw7ZedMdXKP2xDQ/G22EY56LB0J14yZXHfrcLDnh7yofgAe8nQAT4gDIF+kl51AnMxt1Zsay6C8b2Gmw==",
            "requires": {
                "@d-fischer/logger": "^4.2.1",
                "@d-fischer/shared-utils": "^3.6.1",
                "@d-fischer/typed-event-emitter": "^3.3.1",
                "@twurple/api-call": "8.0.2",
                "@twurple/common": "8.0.2",
                "tslib": "^2.0.3"
            }
        },
        "@twurple/common": {
            "version": "8.0.2",
            "resolved": "https://registry.npmjs.org/@twurple/common/-/common-8.0.2.tgz",
            "integrity": "sha512-67PpI8z0KAQhgjpf4vdKLC/jur7iHFay4whtJ4EP+Tj/qHBqgfjHxKIhFpRJqpTb+68TpUz0v2J5CVA7ugMDuQ==",
            "requires": {
                "@d-fischer/shared-utils": "^3.6.1",
                "klona": "^2.0.4",
                "tslib": "^2.0.3"
            }
        },
        "@types/angular": {
            "version": "1.8.4",
            "resolved": "https://registry.npmjs.org/@types/angular/-/angular-1.8.4.tgz",
            "integrity": "sha512-wPS/ncJWhyxJsndsW1B6Ta8D4mi97x1yItSu+rkLDytU3oRIh2CFAjMuJceYwFAh9+DIohndWM0QBA9OU2Hv0g=="
        },
        "@types/body-parser": {
            "version": "1.19.2",
            "resolved": "https://registry.npmjs.org/@types/body-parser/-/body-parser-1.19.2.tgz",
            "integrity": "sha512-ALYone6pm6QmwZoAgeyNksccT9Q4AWZQ6PvfwR37GT6r6FWUPguq6sUmNGSMV2Wr761oQoBxwGGa6DR5o1DC9g==",
            "requires": {
                "@types/connect": "*",
                "@types/node": "*"
            }
        },
        "@types/connect": {
            "version": "3.4.35",
            "resolved": "https://registry.npmjs.org/@types/connect/-/connect-3.4.35.tgz",
            "integrity": "sha512-cdeYyv4KWoEgpBISTxWvqYsVy444DOqehiF3fM3ne10AmJ62RSyNkUnxMJXHQWRQQX2eR94m5y1IZyDwBjV9FQ==",
            "requires": {
                "@types/node": "*"
            }
        },
        "@types/express": {
            "version": "5.0.3",
            "resolved": "https://registry.npmjs.org/@types/express/-/express-5.0.3.tgz",
            "integrity": "sha512-wGA0NX93b19/dZC1J18tKWVIYWyyF2ZjT9vin/NRu0qzzvfVzWjs04iq2rQ3H65vCTQYlRqs3YHfY7zjdV+9Kw==",
            "requires": {
                "@types/body-parser": "*",
                "@types/express-serve-static-core": "^5.0.0",
                "@types/serve-static": "*"
            }
        },
        "@types/express-serve-static-core": {
            "version": "5.0.7",
            "resolved": "https://registry.npmjs.org/@types/express-serve-static-core/-/express-serve-static-core-5.0.7.tgz",
            "integrity": "sha512-R+33OsgWw7rOhD1emjU7dzCDHucJrgJXMA5PYCzJxVil0dsyx5iBEPHqpPfiKNJQb7lZ1vxwoLR4Z87bBUpeGQ==",
            "requires": {
                "@types/node": "*",
                "@types/qs": "*",
                "@types/range-parser": "*",
                "@types/send": "*"
            }
        },
        "@types/mime": {
            "version": "1.3.2",
            "resolved": "https://registry.npmjs.org/@types/mime/-/mime-1.3.2.tgz",
            "integrity": "sha512-YATxVxgRqNH6nHEIsvg6k2Boc1JHI9ZbH5iWFFv/MTkchz3b1ieGDa5T0a9RznNdI0KhVbdbWSN+KWWrQZRxTw=="
        },
        "@types/node": {
            "version": "22.18.8",
            "resolved": "https://registry.npmjs.org/@types/node/-/node-22.18.8.tgz",
            "integrity": "sha512-pAZSHMiagDR7cARo/cch1f3rXy0AEXwsVsVH09FcyeJVAzCnGgmYis7P3JidtTUjyadhTeSo8TgRPswstghDaw==",
            "requires": {
                "undici-types": "~6.21.0"
            }
        },
        "@types/qs": {
            "version": "6.14.0",
            "resolved": "https://registry.npmjs.org/@types/qs/-/qs-6.14.0.tgz",
            "integrity": "sha512-eOunJqu0K1923aExK6y8p6fsihYEn/BYuQ4g0CxAAgFc4b/ZLN4CrsRZ55srTdqoiLzU2B2evC+apEIxprEzkQ=="
        },
        "@types/range-parser": {
            "version": "1.2.7",
            "resolved": "https://registry.npmjs.org/@types/range-parser/-/range-parser-1.2.7.tgz",
            "integrity": "sha512-hKormJbkJqzQGhziax5PItDUTMAM9uE2XXQmM37dyd4hVM+5aVl7oVxMVUiVQn2oCQFN/LKCZdvSM0pFRqbSmQ=="
        },
        "@types/send": {
            "version": "0.17.5",
            "resolved": "https://registry.npmjs.org/@types/send/-/send-0.17.5.tgz",
            "integrity": "sha512-z6F2D3cOStZvuk2SaP6YrwkNO65iTZcwA2ZkSABegdkAh/lf+Aa/YQndZVfmEXT5vgAp6zv06VQ3ejSVjAny4w==",
            "requires": {
                "@types/mime": "^1",
                "@types/node": "*"
            }
        },
        "@types/serve-static": {
            "version": "1.13.10",
            "resolved": "https://registry.npmjs.org/@types/serve-static/-/serve-static-1.13.10.tgz",
            "integrity": "sha512-nCkHGI4w7ZgAdNkrEu0bv+4xNV/XDqW+DydknebMOQwkpDGx8G+HTlj7R7ABI8i8nKxVw0wtKPi1D+lPOkh4YQ==",
            "requires": {
                "@types/mime": "^1",
                "@types/node": "*"
            }
        },
        "klona": {
            "version": "2.0.6",
            "resolved": "https://registry.npmjs.org/klona/-/klona-2.0.6.tgz",
            "integrity": "sha512-dhG34DXATL5hSxJbIexCft8FChFXtmskoZYnoPWjXQuebWYCNkVeV3KkGegCK9CP1oswI/vQibS2GY7Em/sJJA=="
        },
        "moment": {
            "version": "2.29.4",
            "resolved": "https://registry.npmjs.org/moment/-/moment-2.29.4.tgz",
            "integrity": "sha512-5LC9SOxjSc2HF6vO2CyuTDNivEdoz2IvyJJGj6X8DJ0eFyfszE0QiEd+iXmBvUP3WHxSjFH/vIsA0EN00cgr8w=="
        },
        "prettier": {
            "version": "2.2.1",
            "resolved": "https://registry.npmjs.org/prettier/-/prettier-2.2.1.tgz",
            "integrity": "sha512-PqyhM2yCjg/oKkFPtTGUojv7gnZAoG80ttl45O6x2Ug/rMJw4wcc9k6aaf2hibP7BGVCCM33gZoGjyvt9mm16Q==",
            "dev": true
        },
        "retry": {
            "version": "0.13.1",
            "resolved": "https://registry.npmjs.org/retry/-/retry-0.13.1.tgz",
            "integrity": "sha512-XQBQ3I8W1Cge0Seh+6gjj03LbmRFWuoszgK9ooCpwYIrhhoO80pfq4cUkU5DkknwfOfFteRwlZ56PYOGYyFWdg=="
        },
        "tiny-typed-emitter": {
            "version": "2.1.0",
            "resolved": "https://registry.npmjs.org/tiny-typed-emitter/-/tiny-typed-emitter-2.1.0.tgz",
            "integrity": "sha512-qVtvMxeXbVej0cQWKqVSSAHmKZEHAvxdF8HEUBFWts8h+xEo5m/lEiPakuyZ3BnCBjOD8i24kzNOiOLLgsSxhA=="
        },
        "tslib": {
            "version": "2.8.1",
            "resolved": "https://registry.npmjs.org/tslib/-/tslib-2.8.1.tgz",
            "integrity": "sha512-oJFu94HQb+KVduSUQL7wnpmqnfmLsOA/nAh6b6EH0wCEoK0/mPeXU6c3wKDV83MkOuHPRHtSXKKU99IBazS/2w=="
        },
        "undici-types": {
            "version": "6.21.0",
            "resolved": "https://registry.npmjs.org/undici-types/-/undici-types-6.21.0.tgz",
            "integrity": "sha512-iwDZqg0QAGrg9Rav5H4n0M64c3mkR59cJ6wQp+7C4nI0gsmExaedaYLNO44eT4AtBBwjbTiGPMlt2Md0T9H9JQ=="
        }
    }
}
