{
  "name": "firebot-custom-scripts-types",
  "version": "5.27.0",
  "lockfileVersion": 1,
  "requires": true,
  "dependencies": {
    "@d-fischer/cache-decorators": {
      "version": "2.1.3",
      "resolved": "https://registry.npmjs.org/@d-fischer/cache-decorators/-/cache-decorators-2.1.3.tgz",
      "integrity": "sha512-MlM8ipg5Exkc0Ok//sG83smBW4mLRL+/ZngfxYQ8IgxBjfpM3m2M+Y2X+a9St3EyJfYoVKHR8RWdICsU+W3gSA==",
      "dev": true,
      "requires": {
        "@d-fischer/shared-utils": "^3.0.1",
        "@types/node": "^14.14.22",
        "tslib": "^2.1.0"
      },
      "dependencies": {
        "@d-fischer/shared-utils": {
          "version": "3.1.1",
          "resolved": "https://registry.npmjs.org/@d-fischer/shared-utils/-/shared-utils-3.1.1.tgz",
          "integrity": "sha512-5BUoGTBpMVw2nF8mIElhX8IXnfnl9ZNMdjQyJYFOcOQjbu+26ej0Nyq8mNipDImLIigzxaIznCv3RUCbZ3qnIg==",
          "dev": true,
          "requires": {
            "@types/node": "^14.11.2",
            "tslib": "^2.0.3"
          }
        }
      }
    },
    "@d-fischer/cross-fetch": {
      "version": "4.0.2",
      "resolved": "https://registry.npmjs.org/@d-fischer/cross-fetch/-/cross-fetch-4.0.2.tgz",
      "integrity": "sha512-3ONhZxPmgCerBi8rU9kDQktF2zMpv7gkVJuoR8I+pYeO4QWccEcqQem0i1mLBh7/y7ejR474RZb3S3EO/Sdi3A==",
      "dev": true,
      "requires": {
        "node-fetch": "2.6.1"
      }
    },
    "@d-fischer/deprecate": {
      "version": "2.0.2",
      "resolved": "https://registry.npmjs.org/@d-fischer/deprecate/-/deprecate-2.0.2.tgz",
      "integrity": "sha512-wlw3HwEanJFJKctwLzhfOM6LKwR70FPfGZGoKOhWBKyOPXk+3a9Cc6S9zhm6tka7xKtpmfxVIReGUwPnMbIaZg==",
      "dev": true
    },
    "@d-fischer/logger": {
      "version": "2.1.1",
      "resolved": "https://registry.npmjs.org/@d-fischer/logger/-/logger-2.1.1.tgz",
      "integrity": "sha512-E46n4a6AjSFCptzaQrw9y7FF0H2Rci4KJdi6QzjzqaGAHaxyA9IdpVcfKgpG4CCSTA0F6tD7LbgKNR0XoEHhPg==",
      "dev": true,
      "requires": {
        "detect-node": "^2.0.4",
        "tslib": "^2.0.3"
      }
    },
    "@d-fischer/promise.allsettled": {
      "version": "2.0.1",
      "resolved": "https://registry.npmjs.org/@d-fischer/promise.allsettled/-/promise.allsettled-2.0.1.tgz",
      "integrity": "sha512-n3DCu++HfQBsuTRzwCk4hABtjQm+RgyPHecGTg6ze8ocCPKzSllsXQWTX7PEoQHKwoHEEoDiHzddTC62n+HZBA==",
      "dev": true,
      "requires": {
        "array.prototype.map": "^1.0.2",
        "define-properties": "^1.1.3",
        "es-abstract": "^1.17.4",
        "iterate-value": "^1.0.2"
      }
    },
    "@d-fischer/qs": {
      "version": "7.0.2",
      "resolved": "https://registry.npmjs.org/@d-fischer/qs/-/qs-7.0.2.tgz",
      "integrity": "sha512-yAu3xDooiL+ef84Jo8nLjDjWBRk7RXk163Y6aTvRB7FauYd3spQD/dWvgT7R4CrN54Juhrrc3dMY7mc+jZGurQ==",
      "dev": true
    },
    "@d-fischer/rate-limiter": {
      "version": "0.2.7",
      "resolved": "https://registry.npmjs.org/@d-fischer/rate-limiter/-/rate-limiter-0.2.7.tgz",
      "integrity": "sha512-gA2dRIyisT3YkcpOVGvNRbW3tw8X6RHZ10thsc4CpFerynZItNt5fHeP6SidORP8XvI6vBh0NJpwDMfVxcqWEg==",
      "dev": true,
      "requires": {
        "@d-fischer/logger": "^2.1.1",
        "@d-fischer/promise.allsettled": "^2.0.1",
        "@types/node": "^12.12.5",
        "tslib": "^2.0.3"
      },
      "dependencies": {
        "@types/node": {
          "version": "12.20.11",
          "resolved": "https://registry.npmjs.org/@types/node/-/node-12.20.11.tgz",
          "integrity": "sha512-gema+apZ6qLQK7k7F0dGkGCWQYsL0qqKORWOQO6tq46q+x+1C0vbOiOqOwRVlh4RAdbQwV/j/ryr3u5NOG1fPQ==",
          "dev": true
        }
      }
    },
    "@d-fischer/shared-utils": {
      "version": "2.4.2",
      "resolved": "https://registry.npmjs.org/@d-fischer/shared-utils/-/shared-utils-2.4.2.tgz",
      "integrity": "sha512-th2EGPG8c6hrAPA0PmRQlwvWIVDDj+/1jitL+Dhoi414Zl6fKVKfm44xsLqIvtFm5pGJBXKQSrP+Lcyj7Akxlg==",
      "dev": true,
      "requires": {
        "@types/node": "^14.11.2",
        "tslib": "^2.0.3"
      }
    },
    "@types/angular": {
      "version": "1.8.1",
      "resolved": "https://registry.npmjs.org/@types/angular/-/angular-1.8.1.tgz",
      "integrity": "sha512-8zEjTC3gpkva6/dbUkiSxIUGUxYm9HD/pJJ0lbqfEM2TWqi/3vs4VtgoFxVXt5bmuJ+6G2caO2HaMD+NzB1VwA==",
      "dev": true
    },
    "@types/node": {
      "version": "14.14.43",
      "resolved": "https://registry.npmjs.org/@types/node/-/node-14.14.43.tgz",
      "integrity": "sha512-3pwDJjp1PWacPTpH0LcfhgjvurQvrZFBrC6xxjaUEZ7ifUtT32jtjPxEMMblpqd2Mvx+k8haqQJLQxolyGN/cQ==",
      "dev": true
    },
    "@types/node-fetch": {
      "version": "2.5.10",
      "resolved": "https://registry.npmjs.org/@types/node-fetch/-/node-fetch-2.5.10.tgz",
      "integrity": "sha512-IpkX0AasN44hgEad0gEF/V6EgR5n69VEqPEgnmoM8GsIGro3PowbWs4tR6IhxUTyPLpOn+fiGG6nrQhcmoCuIQ==",
      "dev": true,
      "requires": {
        "@types/node": "*",
        "form-data": "^3.0.0"
      }
    },
    "array.prototype.map": {
      "version": "1.0.3",
      "resolved": "https://registry.npmjs.org/array.prototype.map/-/array.prototype.map-1.0.3.tgz",
      "integrity": "sha512-nNcb30v0wfDyIe26Yif3PcV1JXQp4zEeEfupG7L4SRjnD6HLbO5b2a7eVSba53bOx4YCHYMBHt+Fp4vYstneRA==",
      "dev": true,
      "requires": {
        "call-bind": "^1.0.0",
        "define-properties": "^1.1.3",
        "es-abstract": "^1.18.0-next.1",
        "es-array-method-boxes-properly": "^1.0.0",
        "is-string": "^1.0.5"
      }
    },
    "asynckit": {
      "version": "0.4.0",
      "resolved": "https://registry.npmjs.org/asynckit/-/asynckit-0.4.0.tgz",
      "integrity": "sha1-x57Zf380y48robyXkLzDZkdLS3k=",
      "dev": true
    },
    "call-bind": {
      "version": "1.0.2",
      "resolved": "https://registry.npmjs.org/call-bind/-/call-bind-1.0.2.tgz",
      "integrity": "sha512-7O+FbCihrB5WGbFYesctwmTKae6rOiIzmz1icreWJ+0aA7LJfuqhEso2T9ncpcFtzMQtzXf2QGGueWJGTYsqrA==",
      "dev": true,
      "requires": {
        "function-bind": "^1.1.1",
        "get-intrinsic": "^1.0.2"
      }
    },
    "combined-stream": {
      "version": "1.0.8",
      "resolved": "https://registry.npmjs.org/combined-stream/-/combined-stream-1.0.8.tgz",
      "integrity": "sha512-FQN4MRfuJeHf7cBbBMJFXhKSDq+2kAArBlmRBvcvFE5BB1HZKXtSFASDhdlz9zOYwxh8lDdnvmMOe/+5cdoEdg==",
      "dev": true,
      "requires": {
        "delayed-stream": "~1.0.0"
      }
    },
    "define-properties": {
      "version": "1.1.3",
      "resolved": "https://registry.npmjs.org/define-properties/-/define-properties-1.1.3.tgz",
      "integrity": "sha512-3MqfYKj2lLzdMSf8ZIZE/V+Zuy+BgD6f164e8K2w7dgnpKArBDerGYpM46IYYcjnkdPNMjPk9A6VFB8+3SKlXQ==",
      "dev": true,
      "requires": {
        "object-keys": "^1.0.12"
      }
    },
    "delayed-stream": {
      "version": "1.0.0",
      "resolved": "https://registry.npmjs.org/delayed-stream/-/delayed-stream-1.0.0.tgz",
      "integrity": "sha1-3zrhmayt+31ECqrgsp4icrJOxhk=",
      "dev": true
    },
    "detect-node": {
      "version": "2.0.5",
      "resolved": "https://registry.npmjs.org/detect-node/-/detect-node-2.0.5.tgz",
      "integrity": "sha512-qi86tE6hRcFHy8jI1m2VG+LaPUR1LhqDa5G8tVjuUXmOrpuAgqsA1pN0+ldgr3aKUH+QLI9hCY/OcRYisERejw==",
      "dev": true
    },
    "es-abstract": {
      "version": "1.18.0",
      "resolved": "https://registry.npmjs.org/es-abstract/-/es-abstract-1.18.0.tgz",
      "integrity": "sha512-LJzK7MrQa8TS0ja2w3YNLzUgJCGPdPOV1yVvezjNnS89D+VR08+Szt2mz3YB2Dck/+w5tfIq/RoUAFqJJGM2yw==",
      "dev": true,
      "requires": {
        "call-bind": "^1.0.2",
        "es-to-primitive": "^1.2.1",
        "function-bind": "^1.1.1",
        "get-intrinsic": "^1.1.1",
        "has": "^1.0.3",
        "has-symbols": "^1.0.2",
        "is-callable": "^1.2.3",
        "is-negative-zero": "^2.0.1",
        "is-regex": "^1.1.2",
        "is-string": "^1.0.5",
        "object-inspect": "^1.9.0",
        "object-keys": "^1.1.1",
        "object.assign": "^4.1.2",
        "string.prototype.trimend": "^1.0.4",
        "string.prototype.trimstart": "^1.0.4",
        "unbox-primitive": "^1.0.0"
      }
    },
    "es-array-method-boxes-properly": {
      "version": "1.0.0",
      "resolved": "https://registry.npmjs.org/es-array-method-boxes-properly/-/es-array-method-boxes-properly-1.0.0.tgz",
      "integrity": "sha512-wd6JXUmyHmt8T5a2xreUwKcGPq6f1f+WwIJkijUqiGcJz1qqnZgP6XIK+QyIWU5lT7imeNxUll48bziG+TSYcA==",
      "dev": true
    },
    "es-get-iterator": {
      "version": "1.1.2",
      "resolved": "https://registry.npmjs.org/es-get-iterator/-/es-get-iterator-1.1.2.tgz",
      "integrity": "sha512-+DTO8GYwbMCwbywjimwZMHp8AuYXOS2JZFWoi2AlPOS3ebnII9w/NLpNZtA7A0YLaVDw+O7KFCeoIV7OPvM7hQ==",
      "dev": true,
      "requires": {
        "call-bind": "^1.0.2",
        "get-intrinsic": "^1.1.0",
        "has-symbols": "^1.0.1",
        "is-arguments": "^1.1.0",
        "is-map": "^2.0.2",
        "is-set": "^2.0.2",
        "is-string": "^1.0.5",
        "isarray": "^2.0.5"
      }
    },
    "es-to-primitive": {
      "version": "1.2.1",
      "resolved": "https://registry.npmjs.org/es-to-primitive/-/es-to-primitive-1.2.1.tgz",
      "integrity": "sha512-QCOllgZJtaUo9miYBcLChTUaHNjJF3PYs1VidD7AwiEj1kYxKeQTctLAezAOH5ZKRH0g2IgPn6KwB4IT8iRpvA==",
      "dev": true,
      "requires": {
        "is-callable": "^1.1.4",
        "is-date-object": "^1.0.1",
        "is-symbol": "^1.0.2"
      }
    },
    "form-data": {
      "version": "3.0.1",
      "resolved": "https://registry.npmjs.org/form-data/-/form-data-3.0.1.tgz",
      "integrity": "sha512-RHkBKtLWUVwd7SqRIvCZMEvAMoGUp0XU+seQiZejj0COz3RI3hWP4sCv3gZWWLjJTd7rGwcsF5eKZGii0r/hbg==",
      "dev": true,
      "requires": {
        "asynckit": "^0.4.0",
        "combined-stream": "^1.0.8",
        "mime-types": "^2.1.12"
      }
    },
    "fs-extra": {
      "version": "10.0.0",
      "resolved": "https://registry.npmjs.org/fs-extra/-/fs-extra-10.0.0.tgz",
      "integrity": "sha512-C5owb14u9eJwizKGdchcDUQeFtlSHHthBk8pbX9Vc1PFZrLombudjDnNns88aYslCyF6IY5SUw3Roz6xShcEIQ==",
      "dev": true,
      "requires": {
        "graceful-fs": "^4.2.0",
        "jsonfile": "^6.0.1",
        "universalify": "^2.0.0"
      }
    },
    "function-bind": {
      "version": "1.1.1",
      "resolved": "https://registry.npmjs.org/function-bind/-/function-bind-1.1.1.tgz",
      "integrity": "sha512-yIovAzMX49sF8Yl58fSCWJ5svSLuaibPxXQJFLmBObTuCr0Mf1KiPopGM9NiFjiYBCbfaa2Fh6breQ6ANVTI0A==",
      "dev": true
    },
    "get-intrinsic": {
      "version": "1.1.1",
      "resolved": "https://registry.npmjs.org/get-intrinsic/-/get-intrinsic-1.1.1.tgz",
      "integrity": "sha512-kWZrnVM42QCiEA2Ig1bG8zjoIMOgxWwYCEeNdwY6Tv/cOSeGpcoX4pXHfKUxNKVoArnrEr2e9srnAxxGIraS9Q==",
      "dev": true,
      "requires": {
        "function-bind": "^1.1.1",
        "has": "^1.0.3",
        "has-symbols": "^1.0.1"
      }
    },
    "graceful-fs": {
      "version": "4.2.6",
      "resolved": "https://registry.npmjs.org/graceful-fs/-/graceful-fs-4.2.6.tgz",
      "integrity": "sha512-nTnJ528pbqxYanhpDYsi4Rd8MAeaBA67+RZ10CM1m3bTAVFEDcd5AuA4a6W5YkGZ1iNXHzZz8T6TBKLeBuNriQ==",
      "dev": true
    },
    "has": {
      "version": "1.0.3",
      "resolved": "https://registry.npmjs.org/has/-/has-1.0.3.tgz",
      "integrity": "sha512-f2dvO0VU6Oej7RkWJGrehjbzMAjFp5/VKPp5tTpWIV4JHHZK1/BxbFRtf/siA2SWTe09caDmVtYYzWEIbBS4zw==",
      "dev": true,
      "requires": {
        "function-bind": "^1.1.1"
      }
    },
    "has-bigints": {
      "version": "1.0.1",
      "resolved": "https://registry.npmjs.org/has-bigints/-/has-bigints-1.0.1.tgz",
      "integrity": "sha512-LSBS2LjbNBTf6287JEbEzvJgftkF5qFkmCo9hDRpAzKhUOlJ+hx8dd4USs00SgsUNwc4617J9ki5YtEClM2ffA==",
      "dev": true
    },
    "has-symbols": {
      "version": "1.0.2",
      "resolved": "https://registry.npmjs.org/has-symbols/-/has-symbols-1.0.2.tgz",
      "integrity": "sha512-chXa79rL/UC2KlX17jo3vRGz0azaWEx5tGqZg5pO3NUyEJVB17dMruQlzCCOfUvElghKcm5194+BCRvi2Rv/Gw==",
      "dev": true
    },
    "is-arguments": {
      "version": "1.1.0",
      "resolved": "https://registry.npmjs.org/is-arguments/-/is-arguments-1.1.0.tgz",
      "integrity": "sha512-1Ij4lOMPl/xB5kBDn7I+b2ttPMKa8szhEIrXDuXQD/oe3HJLTLhqhgGspwgyGd6MOywBUqVvYicF72lkgDnIHg==",
      "dev": true,
      "requires": {
        "call-bind": "^1.0.0"
      }
    },
    "is-bigint": {
      "version": "1.0.1",
      "resolved": "https://registry.npmjs.org/is-bigint/-/is-bigint-1.0.1.tgz",
      "integrity": "sha512-J0ELF4yHFxHy0cmSxZuheDOz2luOdVvqjwmEcj8H/L1JHeuEDSDbeRP+Dk9kFVk5RTFzbucJ2Kb9F7ixY2QaCg==",
      "dev": true
    },
    "is-boolean-object": {
      "version": "1.1.0",
      "resolved": "https://registry.npmjs.org/is-boolean-object/-/is-boolean-object-1.1.0.tgz",
      "integrity": "sha512-a7Uprx8UtD+HWdyYwnD1+ExtTgqQtD2k/1yJgtXP6wnMm8byhkoTZRl+95LLThpzNZJ5aEvi46cdH+ayMFRwmA==",
      "dev": true,
      "requires": {
        "call-bind": "^1.0.0"
      }
    },
    "is-callable": {
      "version": "1.2.3",
      "resolved": "https://registry.npmjs.org/is-callable/-/is-callable-1.2.3.tgz",
      "integrity": "sha512-J1DcMe8UYTBSrKezuIUTUwjXsho29693unXM2YhJUTR2txK/eG47bvNa/wipPFmZFgr/N6f1GA66dv0mEyTIyQ==",
      "dev": true
    },
    "is-date-object": {
      "version": "1.0.2",
      "resolved": "https://registry.npmjs.org/is-date-object/-/is-date-object-1.0.2.tgz",
      "integrity": "sha512-USlDT524woQ08aoZFzh3/Z6ch9Y/EWXEHQ/AaRN0SkKq4t2Jw2R2339tSXmwuVoY7LLlBCbOIlx2myP/L5zk0g==",
      "dev": true
    },
    "is-map": {
      "version": "2.0.2",
      "resolved": "https://registry.npmjs.org/is-map/-/is-map-2.0.2.tgz",
      "integrity": "sha512-cOZFQQozTha1f4MxLFzlgKYPTyj26picdZTx82hbc/Xf4K/tZOOXSCkMvU4pKioRXGDLJRn0GM7Upe7kR721yg==",
      "dev": true
    },
    "is-negative-zero": {
      "version": "2.0.1",
      "resolved": "https://registry.npmjs.org/is-negative-zero/-/is-negative-zero-2.0.1.tgz",
      "integrity": "sha512-2z6JzQvZRa9A2Y7xC6dQQm4FSTSTNWjKIYYTt4246eMTJmIo0Q+ZyOsU66X8lxK1AbB92dFeglPLrhwpeRKO6w==",
      "dev": true
    },
    "is-number-object": {
      "version": "1.0.4",
      "resolved": "https://registry.npmjs.org/is-number-object/-/is-number-object-1.0.4.tgz",
      "integrity": "sha512-zohwelOAur+5uXtk8O3GPQ1eAcu4ZX3UwxQhUlfFFMNpUd83gXgjbhJh6HmB6LUNV/ieOLQuDwJO3dWJosUeMw==",
      "dev": true
    },
    "is-regex": {
      "version": "1.1.2",
      "resolved": "https://registry.npmjs.org/is-regex/-/is-regex-1.1.2.tgz",
      "integrity": "sha512-axvdhb5pdhEVThqJzYXwMlVuZwC+FF2DpcOhTS+y/8jVq4trxyPgfcwIxIKiyeuLlSQYKkmUaPQJ8ZE4yNKXDg==",
      "dev": true,
      "requires": {
        "call-bind": "^1.0.2",
        "has-symbols": "^1.0.1"
      }
    },
    "is-set": {
      "version": "2.0.2",
      "resolved": "https://registry.npmjs.org/is-set/-/is-set-2.0.2.tgz",
      "integrity": "sha512-+2cnTEZeY5z/iXGbLhPrOAaK/Mau5k5eXq9j14CpRTftq0pAJu2MwVRSZhyZWBzx3o6X795Lz6Bpb6R0GKf37g==",
      "dev": true
    },
    "is-string": {
      "version": "1.0.5",
      "resolved": "https://registry.npmjs.org/is-string/-/is-string-1.0.5.tgz",
      "integrity": "sha512-buY6VNRjhQMiF1qWDouloZlQbRhDPCebwxSjxMjxgemYT46YMd2NR0/H+fBhEfWX4A/w9TBJ+ol+okqJKFE6vQ==",
      "dev": true
    },
    "is-symbol": {
      "version": "1.0.3",
      "resolved": "https://registry.npmjs.org/is-symbol/-/is-symbol-1.0.3.tgz",
      "integrity": "sha512-OwijhaRSgqvhm/0ZdAcXNZt9lYdKFpcRDT5ULUuYXPoT794UNOdU+gpT6Rzo7b4V2HUl/op6GqY894AZwv9faQ==",
      "dev": true,
      "requires": {
        "has-symbols": "^1.0.1"
      }
    },
    "isarray": {
      "version": "2.0.5",
      "resolved": "https://registry.npmjs.org/isarray/-/isarray-2.0.5.tgz",
      "integrity": "sha512-xHjhDr3cNBK0BzdUJSPXZntQUx/mwMS5Rw4A7lPJ90XGAO6ISP/ePDNuo0vhqOZU+UD5JoodwCAAoZQd3FeAKw==",
      "dev": true
    },
    "iterate-iterator": {
      "version": "1.0.1",
      "resolved": "https://registry.npmjs.org/iterate-iterator/-/iterate-iterator-1.0.1.tgz",
      "integrity": "sha512-3Q6tudGN05kbkDQDI4CqjaBf4qf85w6W6GnuZDtUVYwKgtC1q8yxYX7CZed7N+tLzQqS6roujWvszf13T+n9aw==",
      "dev": true
    },
    "iterate-value": {
      "version": "1.0.2",
      "resolved": "https://registry.npmjs.org/iterate-value/-/iterate-value-1.0.2.tgz",
      "integrity": "sha512-A6fMAio4D2ot2r/TYzr4yUWrmwNdsN5xL7+HUiyACE4DXm+q8HtPcnFTp+NnW3k4N05tZ7FVYFFb2CR13NxyHQ==",
      "dev": true,
      "requires": {
        "es-get-iterator": "^1.0.2",
        "iterate-iterator": "^1.0.1"
      }
    },
    "jsonfile": {
      "version": "6.1.0",
      "resolved": "https://registry.npmjs.org/jsonfile/-/jsonfile-6.1.0.tgz",
      "integrity": "sha512-5dgndWOriYSm5cnYaJNhalLNDKOqFwyDB/rr1E9ZsGciGvKPs8R2xYGCacuf3z6K1YKDz182fd+fY3cn3pMqXQ==",
      "dev": true,
      "requires": {
        "graceful-fs": "^4.1.6",
        "universalify": "^2.0.0"
      }
    },
    "mime-db": {
      "version": "1.47.0",
      "resolved": "https://registry.npmjs.org/mime-db/-/mime-db-1.47.0.tgz",
      "integrity": "sha512-QBmA/G2y+IfeS4oktet3qRZ+P5kPhCKRXxXnQEudYqUaEioAU1/Lq2us3D/t1Jfo4hE9REQPrbB7K5sOczJVIw==",
      "dev": true
    },
    "mime-types": {
      "version": "2.1.30",
      "resolved": "https://registry.npmjs.org/mime-types/-/mime-types-2.1.30.tgz",
      "integrity": "sha512-crmjA4bLtR8m9qLpHvgxSChT+XoSlZi8J4n/aIdn3z92e/U47Z0V/yl+Wh9W046GgFVAmoNR/fmdbZYcSSIUeg==",
      "dev": true,
      "requires": {
        "mime-db": "1.47.0"
      }
    },
    "node": {
      "version": "16.0.0",
      "resolved": "https://registry.npmjs.org/node/-/node-16.0.0.tgz",
      "integrity": "sha512-yzkZeKX28SsTCUGX4zuOXgWN+pKtZ/J0JbZkT11xEvJLqt/U1sAnSoggEDKqg1tkZiJNVWn1m8kmtQKOj/FFuw==",
      "dev": true,
      "requires": {
        "node-bin-setup": "^1.0.0"
      }
    },
    "node-bin-setup": {
      "version": "1.0.6",
      "resolved": "https://registry.npmjs.org/node-bin-setup/-/node-bin-setup-1.0.6.tgz",
      "integrity": "sha512-uPIxXNis1CRbv1DwqAxkgBk5NFV3s7cMN/Gf556jSw6jBvV7ca4F9lRL/8cALcZecRibeqU+5dFYqFFmzv5a0Q==",
      "dev": true
    },
    "node-fetch": {
      "version": "2.6.1",
      "resolved": "https://registry.npmjs.org/node-fetch/-/node-fetch-2.6.1.tgz",
      "integrity": "sha512-V4aYg89jEoVRxRb2fJdAg8FHvI7cEyYdVAh94HH0UIK8oJxUfkjlDQN9RbMx+bEjP7+ggMiFRprSti032Oipxw==",
      "dev": true
    },
    "object-inspect": {
      "version": "1.10.2",
      "resolved": "https://registry.npmjs.org/object-inspect/-/object-inspect-1.10.2.tgz",
      "integrity": "sha512-gz58rdPpadwztRrPjZE9DZLOABUpTGdcANUgOwBFO1C+HZZhePoP83M65WGDmbpwFYJSWqavbl4SgDn4k8RYTA==",
      "dev": true
    },
    "object-keys": {
      "version": "1.1.1",
      "resolved": "https://registry.npmjs.org/object-keys/-/object-keys-1.1.1.tgz",
      "integrity": "sha512-NuAESUOUMrlIXOfHKzD6bpPu3tYt3xvjNdRIQ+FeT0lNb4K8WR70CaDxhuNguS2XG+GjkyMwOzsN5ZktImfhLA==",
      "dev": true
    },
    "object.assign": {
      "version": "4.1.2",
      "resolved": "https://registry.npmjs.org/object.assign/-/object.assign-4.1.2.tgz",
      "integrity": "sha512-ixT2L5THXsApyiUPYKmW+2EHpXXe5Ii3M+f4e+aJFAHao5amFRW6J0OO6c/LU8Be47utCx2GL89hxGB6XSmKuQ==",
      "dev": true,
      "requires": {
        "call-bind": "^1.0.0",
        "define-properties": "^1.1.3",
        "has-symbols": "^1.0.1",
        "object-keys": "^1.1.1"
      }
    },
    "prettier": {
      "version": "2.2.1",
      "resolved": "https://registry.npmjs.org/prettier/-/prettier-2.2.1.tgz",
      "integrity": "sha512-PqyhM2yCjg/oKkFPtTGUojv7gnZAoG80ttl45O6x2Ug/rMJw4wcc9k6aaf2hibP7BGVCCM33gZoGjyvt9mm16Q==",
      "dev": true
    },
    "string.prototype.trimend": {
      "version": "1.0.4",
      "resolved": "https://registry.npmjs.org/string.prototype.trimend/-/string.prototype.trimend-1.0.4.tgz",
      "integrity": "sha512-y9xCjw1P23Awk8EvTpcyL2NIr1j7wJ39f+k6lvRnSMz+mz9CGz9NYPelDk42kOz6+ql8xjfK8oYzy3jAP5QU5A==",
      "dev": true,
      "requires": {
        "call-bind": "^1.0.2",
        "define-properties": "^1.1.3"
      }
    },
    "string.prototype.trimstart": {
      "version": "1.0.4",
      "resolved": "https://registry.npmjs.org/string.prototype.trimstart/-/string.prototype.trimstart-1.0.4.tgz",
      "integrity": "sha512-jh6e984OBfvxS50tdY2nRZnoC5/mLFKOREQfw8t5yytkoUsJRNxvI/E39qu1sD0OtWI3OC0XgKSmcWwziwYuZw==",
      "dev": true,
      "requires": {
        "call-bind": "^1.0.2",
        "define-properties": "^1.1.3"
      }
    },
    "top-package": {
      "version": "1.0.1",
      "resolved": "https://registry.npmjs.org/top-package/-/top-package-1.0.1.tgz",
      "integrity": "sha512-tsuhQlHSigOTTvonxHXwqSKEVSnWMh2GvpTvXa5YmoyOwL5YvU4lTd/KNVZlKM5v7gqx44UEuQxyPQEpmaIHdg==",
      "dev": true
    },
    "tslib": {
      "version": "2.2.0",
      "resolved": "https://registry.npmjs.org/tslib/-/tslib-2.2.0.tgz",
      "integrity": "sha512-gS9GVHRU+RGn5KQM2rllAlR3dU6m7AcpJKdtH8gFvQiC4Otgk98XnmMU+nZenHt/+VhnBPWwgrJsyrdcw6i23w==",
      "dev": true
    },
    "twitch": {
      "version": "4.2.3",
      "resolved": "https://registry.npmjs.org/twitch/-/twitch-4.2.3.tgz",
      "integrity": "sha512-yHASX3LRTkk0tsZQqWJhECPLaCYsHKNuyb7EcXo5brhG54msI75T8rkmxNjy+R573GtC4qghYWYi5BGt9iXn8w==",
      "dev": true,
      "requires": {
        "@d-fischer/cache-decorators": "^2.0.0",
        "@d-fischer/deprecate": "^2.0.1",
        "@d-fischer/logger": "^2.0.0",
        "@d-fischer/rate-limiter": "^0.2.5",
        "@d-fischer/shared-utils": "^2.3.2",
        "top-package": "^1.0.0",
        "tslib": "^2.0.0",
        "twitch-api-call": "^4.2.3",
        "twitch-auth": "^4.2.3"
      }
    },
    "twitch-api-call": {
      "version": "4.5.5",
      "resolved": "https://registry.npmjs.org/twitch-api-call/-/twitch-api-call-4.5.5.tgz",
      "integrity": "sha512-y/S78g7TYGZDJqIPxuE0GTFMZ/hNpgGCCFs7RN+XVBPDU76aLZ8xnvP2pTlutcGTon6xCp7wCyr8c1R6d8zMfQ==",
      "dev": true,
      "requires": {
        "@d-fischer/cross-fetch": "^4.0.2",
        "@d-fischer/qs": "^7.0.2",
        "@types/node-fetch": "^2.5.7",
        "node-fetch": "^2.6.1",
        "tslib": "^2.0.3",
        "twitch-common": "^4.5.5"
      }
    },
    "twitch-auth": {
      "version": "4.5.5",
      "resolved": "https://registry.npmjs.org/twitch-auth/-/twitch-auth-4.5.5.tgz",
      "integrity": "sha512-1olaVz1SOkd67g3l1chiZYldR+hYt+zoggGR4u1HhFuqGiU9g5v9bUs7nOsHSodJ98e1UYKyAdPIW1MToMNxLg==",
      "dev": true,
      "requires": {
        "@d-fischer/deprecate": "^2.0.2",
        "@d-fischer/logger": "^3.1.0",
        "@d-fischer/shared-utils": "^3.0.1",
        "tslib": "^2.0.3",
        "twitch-api-call": "^4.5.5",
        "twitch-common": "^4.5.5"
      },
      "dependencies": {
        "@d-fischer/logger": {
          "version": "3.1.0",
          "resolved": "https://registry.npmjs.org/@d-fischer/logger/-/logger-3.1.0.tgz",
          "integrity": "sha512-kNg9PjmiyH9DMr70mAWU+i+dy3+e1hI0lR+No5RJduQtexI247NmEzNd0pethpwm+1uA0MRf3w9QnqZ1PHKvyA==",
          "dev": true,
          "requires": {
            "detect-node": "^2.0.4",
            "tslib": "^2.0.3"
          }
        },
        "@d-fischer/shared-utils": {
          "version": "3.1.1",
          "resolved": "https://registry.npmjs.org/@d-fischer/shared-utils/-/shared-utils-3.1.1.tgz",
          "integrity": "sha512-5BUoGTBpMVw2nF8mIElhX8IXnfnl9ZNMdjQyJYFOcOQjbu+26ej0Nyq8mNipDImLIigzxaIznCv3RUCbZ3qnIg==",
          "dev": true,
          "requires": {
            "@types/node": "^14.11.2",
            "tslib": "^2.0.3"
          }
        }
      }
    },
    "twitch-common": {
      "version": "4.5.5",
      "resolved": "https://registry.npmjs.org/twitch-common/-/twitch-common-4.5.5.tgz",
      "integrity": "sha512-O846PVf1rFNdziuWPQXwvfEZgudrXaMv1VWSv+D4x1/vtSBNzF8mzsK6wLMODFuMA6RVGNTqcZFNL6WZUUzRfg==",
      "dev": true,
      "requires": {
        "@d-fischer/logger": "^3.1.0",
        "@d-fischer/shared-utils": "^3.0.1",
        "tslib": "^2.0.3"
      },
      "dependencies": {
        "@d-fischer/logger": {
          "version": "3.1.0",
          "resolved": "https://registry.npmjs.org/@d-fischer/logger/-/logger-3.1.0.tgz",
          "integrity": "sha512-kNg9PjmiyH9DMr70mAWU+i+dy3+e1hI0lR+No5RJduQtexI247NmEzNd0pethpwm+1uA0MRf3w9QnqZ1PHKvyA==",
          "dev": true,
          "requires": {
            "detect-node": "^2.0.4",
            "tslib": "^2.0.3"
          }
        },
        "@d-fischer/shared-utils": {
          "version": "3.1.1",
          "resolved": "https://registry.npmjs.org/@d-fischer/shared-utils/-/shared-utils-3.1.1.tgz",
          "integrity": "sha512-5BUoGTBpMVw2nF8mIElhX8IXnfnl9ZNMdjQyJYFOcOQjbu+26ej0Nyq8mNipDImLIigzxaIznCv3RUCbZ3qnIg==",
          "dev": true,
          "requires": {
            "@types/node": "^14.11.2",
            "tslib": "^2.0.3"
          }
        }
      }
    },
    "unbox-primitive": {
      "version": "1.0.1",
      "resolved": "https://registry.npmjs.org/unbox-primitive/-/unbox-primitive-1.0.1.tgz",
      "integrity": "sha512-tZU/3NqK3dA5gpE1KtyiJUrEB0lxnGkMFHptJ7q6ewdZ8s12QrODwNbhIJStmJkd1QDXa1NRA8aF2A1zk/Ypyw==",
      "dev": true,
      "requires": {
        "function-bind": "^1.1.1",
        "has-bigints": "^1.0.1",
        "has-symbols": "^1.0.2",
        "which-boxed-primitive": "^1.0.2"
      }
    },
    "universalify": {
      "version": "2.0.0",
      "resolved": "https://registry.npmjs.org/universalify/-/universalify-2.0.0.tgz",
      "integrity": "sha512-hAZsKq7Yy11Zu1DE0OzWjw7nnLZmJZYTDZZyEFHZdUhV8FkH5MCfoU1XMaxXovpyW5nq5scPqq0ZDP9Zyl04oQ==",
      "dev": true
    },
    "which-boxed-primitive": {
      "version": "1.0.2",
      "resolved": "https://registry.npmjs.org/which-boxed-primitive/-/which-boxed-primitive-1.0.2.tgz",
      "integrity": "sha512-bwZdv0AKLpplFY2KZRX6TvyuN7ojjr7lwkg6ml0roIy9YeuSr7JS372qlNW18UQYzgYK9ziGcerWqZOmEn9VNg==",
      "dev": true,
      "requires": {
        "is-bigint": "^1.0.1",
        "is-boolean-object": "^1.1.0",
        "is-number-object": "^1.0.4",
        "is-string": "^1.0.5",
        "is-symbol": "^1.0.3"
      }
    }
  }
}
